
Microsoft Visual Studio Solution File, Format Version 12.00
# Visual Studio 2013
VisualStudioVersion = 12.0.31101.0
MinimumVisualStudioVersion = 10.0.40219.1
Project("{FAE04EC0-301F-11D3-BF4B-00C04F79EFBC}") = "Stock.GUI", "Stock.GUI\Stock.GUI.csproj", "{D438842C-27BA-418A-8D54-A994B03572EB}"
EndProject
Project("{FAE04EC0-301F-11D3-BF4B-00C04F79EFBC}") = "Stock.GUI.Helpers", "Stock.GUI.Helpers\Stock.GUI.Helpers.csproj", "{35BD344F-9314-4258-BDCD-04346BCE1DD0}"
EndProject
Project("{FAE04EC0-301F-11D3-BF4B-00C04F79EFBC}") = "Stock.Data", "Stock.Data\Stock.Data.csproj", "{F87385E5-2BEE-4554-A8CC-DB001F25CE93}"
EndProject
Project("{FAE04EC0-301F-11D3-BF4B-00C04F79EFBC}") = "Stock.Services", "Stock.Services\Stock.Services.csproj", "{28E4AAF0-C797-4904-8AA2-01165E1E4178}"
EndProject
Project("{54435603-DBB4-11D2-8724-00A0C9A8B90C}") = "QuanLyKho", "QuanLyKho\QuanLyKho.vdproj", "{879A1F5B-6D35-4683-91C2-A7CE1CAE55ED}"
EndProject
Global
	GlobalSection(SolutionConfigurationPlatforms) = preSolution
		CD_ROM|Any CPU = CD_ROM|Any CPU
		CD_ROM|x86 = CD_ROM|x86
		Debug|Any CPU = Debug|Any CPU
		Debug|x86 = Debug|x86
		DVD-5|Any CPU = DVD-5|Any CPU
		DVD-5|x86 = DVD-5|x86
		Release|Any CPU = Release|Any CPU
		Release|x86 = Release|x86
		SingleImage|Any CPU = SingleImage|Any CPU
		SingleImage|x86 = SingleImage|x86
	EndGlobalSection
	GlobalSection(ProjectConfigurationPlatforms) = postSolution
		{D438842C-27BA-418A-8D54-A994B03572EB}.CD_ROM|Any CPU.ActiveCfg = Release|Any CPU
		{D438842C-27BA-418A-8D54-A994B03572EB}.CD_ROM|Any CPU.Build.0 = Release|Any CPU
		{D438842C-27BA-418A-8D54-A994B03572EB}.CD_ROM|x86.ActiveCfg = Release|x86
		{D438842C-27BA-418A-8D54-A994B03572EB}.CD_ROM|x86.Build.0 = Release|x86
		{D438842C-27BA-418A-8D54-A994B03572EB}.Debug|Any CPU.ActiveCfg = Debug|Any CPU
		{D438842C-27BA-418A-8D54-A994B03572EB}.Debug|Any CPU.Build.0 = Debug|Any CPU
		{D438842C-27BA-418A-8D54-A994B03572EB}.Debug|x86.ActiveCfg = Debug|x86
		{D438842C-27BA-418A-8D54-A994B03572EB}.Debug|x86.Build.0 = Debug|x86
		{D438842C-27BA-418A-8D54-A994B03572EB}.DVD-5|Any CPU.ActiveCfg = Debug|Any CPU
		{D438842C-27BA-418A-8D54-A994B03572EB}.DVD-5|Any CPU.Build.0 = Debug|Any CPU
		{D438842C-27BA-418A-8D54-A994B03572EB}.DVD-5|x86.ActiveCfg = Debug|x86
		{D438842C-27BA-418A-8D54-A994B03572EB}.DVD-5|x86.Build.0 = Debug|x86
		{D438842C-27BA-418A-8D54-A994B03572EB}.Release|Any CPU.ActiveCfg = Release|Any CPU
		{D438842C-27BA-418A-8D54-A994B03572EB}.Release|Any CPU.Build.0 = Release|Any CPU
		{D438842C-27BA-418A-8D54-A994B03572EB}.Release|x86.ActiveCfg = Release|x86
		{D438842C-27BA-418A-8D54-A994B03572EB}.Release|x86.Build.0 = Release|x86
		{D438842C-27BA-418A-8D54-A994B03572EB}.SingleImage|Any CPU.ActiveCfg = Release|Any CPU
		{D438842C-27BA-418A-8D54-A994B03572EB}.SingleImage|Any CPU.Build.0 = Release|Any CPU
		{D438842C-27BA-418A-8D54-A994B03572EB}.SingleImage|x86.ActiveCfg = Release|x86
		{D438842C-27BA-418A-8D54-A994B03572EB}.SingleImage|x86.Build.0 = Release|x86
		{35BD344F-9314-4258-BDCD-04346BCE1DD0}.CD_ROM|Any CPU.ActiveCfg = Release|Any CPU
		{35BD344F-9314-4258-BDCD-04346BCE1DD0}.CD_ROM|Any CPU.Build.0 = Release|Any CPU
		{35BD344F-9314-4258-BDCD-04346BCE1DD0}.CD_ROM|x86.ActiveCfg = Debug|Any CPU
		{35BD344F-9314-4258-BDCD-04346BCE1DD0}.Debug|Any CPU.ActiveCfg = Debug|Any CPU
		{35BD344F-9314-4258-BDCD-04346BCE1DD0}.Debug|Any CPU.Build.0 = Debug|Any CPU
		{35BD344F-9314-4258-BDCD-04346BCE1DD0}.Debug|x86.ActiveCfg = Debug|Any CPU
		{35BD344F-9314-4258-BDCD-04346BCE1DD0}.DVD-5|Any CPU.ActiveCfg = Debug|Any CPU
		{35BD344F-9314-4258-BDCD-04346BCE1DD0}.DVD-5|Any CPU.Build.0 = Debug|Any CPU
		{35BD344F-9314-4258-BDCD-04346BCE1DD0}.DVD-5|x86.ActiveCfg = Debug|Any CPU
		{35BD344F-9314-4258-BDCD-04346BCE1DD0}.Release|Any CPU.ActiveCfg = Release|Any CPU
		{35BD344F-9314-4258-BDCD-04346BCE1DD0}.Release|Any CPU.Build.0 = Release|Any CPU
		{35BD344F-9314-4258-BDCD-04346BCE1DD0}.Release|x86.ActiveCfg = Release|Any CPU
		{35BD344F-9314-4258-BDCD-04346BCE1DD0}.SingleImage|Any CPU.ActiveCfg = Release|Any CPU
		{35BD344F-9314-4258-BDCD-04346BCE1DD0}.SingleImage|Any CPU.Build.0 = Release|Any CPU
		{35BD344F-9314-4258-BDCD-04346BCE1DD0}.SingleImage|x86.ActiveCfg = Debug|Any CPU
		{F87385E5-2BEE-4554-A8CC-DB001F25CE93}.CD_ROM|Any CPU.ActiveCfg = Release|Any CPU
		{F87385E5-2BEE-4554-A8CC-DB001F25CE93}.CD_ROM|Any CPU.Build.0 = Release|Any CPU
		{F87385E5-2BEE-4554-A8CC-DB001F25CE93}.CD_ROM|x86.ActiveCfg = Debug|Any CPU
		{F87385E5-2BEE-4554-A8CC-DB001F25CE93}.Debug|Any CPU.ActiveCfg = Debug|Any CPU
		{F87385E5-2BEE-4554-A8CC-DB001F25CE93}.Debug|Any CPU.Build.0 = Debug|Any CPU
		{F87385E5-2BEE-4554-A8CC-DB001F25CE93}.Debug|x86.ActiveCfg = Debug|Any CPU
		{F87385E5-2BEE-4554-A8CC-DB001F25CE93}.DVD-5|Any CPU.ActiveCfg = Debug|Any CPU
		{F87385E5-2BEE-4554-A8CC-DB001F25CE93}.DVD-5|Any CPU.Build.0 = Debug|Any CPU
		{F87385E5-2BEE-4554-A8CC-DB001F25CE93}.DVD-5|x86.ActiveCfg = Debug|Any CPU
		{F87385E5-2BEE-4554-A8CC-DB001F25CE93}.Release|Any CPU.ActiveCfg = Release|Any CPU
		{F87385E5-2BEE-4554-A8CC-DB001F25CE93}.Release|Any CPU.Build.0 = Release|Any CPU
		{F87385E5-2BEE-4554-A8CC-DB001F25CE93}.Release|x86.ActiveCfg = Release|Any CPU
		{F87385E5-2BEE-4554-A8CC-DB001F25CE93}.SingleImage|Any CPU.ActiveCfg = Release|Any CPU
		{F87385E5-2BEE-4554-A8CC-DB001F25CE93}.SingleImage|Any CPU.Build.0 = Release|Any CPU
		{F87385E5-2BEE-4554-A8CC-DB001F25CE93}.SingleImage|x86.ActiveCfg = Debug|Any CPU
		{28E4AAF0-C797-4904-8AA2-01165E1E4178}.CD_ROM|Any CPU.ActiveCfg = Release|Any CPU
		{28E4AAF0-C797-4904-8AA2-01165E1E4178}.CD_ROM|Any CPU.Build.0 = Release|Any CPU
		{28E4AAF0-C797-4904-8AA2-01165E1E4178}.CD_ROM|x86.ActiveCfg = Debug|Any CPU
		{28E4AAF0-C797-4904-8AA2-01165E1E4178}.Debug|Any CPU.ActiveCfg = Debug|Any CPU
		{28E4AAF0-C797-4904-8AA2-01165E1E4178}.Debug|Any CPU.Build.0 = Debug|Any CPU
		{28E4AAF0-C797-4904-8AA2-01165E1E4178}.Debug|x86.ActiveCfg = Debug|Any CPU
		{28E4AAF0-C797-4904-8AA2-01165E1E4178}.DVD-5|Any CPU.ActiveCfg = Debug|Any CPU
		{28E4AAF0-C797-4904-8AA2-01165E1E4178}.DVD-5|Any CPU.Build.0 = Debug|Any CPU
		{28E4AAF0-C797-4904-8AA2-01165E1E4178}.DVD-5|x86.ActiveCfg = Debug|Any CPU
		{28E4AAF0-C797-4904-8AA2-01165E1E4178}.Release|Any CPU.ActiveCfg = Release|Any CPU
		{28E4AAF0-C797-4904-8AA2-01165E1E4178}.Release|Any CPU.Build.0 = Release|Any CPU
		{28E4AAF0-C797-4904-8AA2-01165E1E4178}.Release|x86.ActiveCfg = Release|Any CPU
		{28E4AAF0-C797-4904-8AA2-01165E1E4178}.SingleImage|Any CPU.ActiveCfg = Release|Any CPU
		{28E4AAF0-C797-4904-8AA2-01165E1E4178}.SingleImage|Any CPU.Build.0 = Release|Any CPU
		{28E4AAF0-C797-4904-8AA2-01165E1E4178}.SingleImage|x86.ActiveCfg = Debug|Any CPU
		{879A1F5B-6D35-4683-91C2-A7CE1CAE55ED}.CD_ROM|Any CPU.ActiveCfg = Release
		{879A1F5B-6D35-4683-91C2-A7CE1CAE55ED}.CD_ROM|x86.ActiveCfg = Release
		{879A1F5B-6D35-4683-91C2-A7CE1CAE55ED}.CD_ROM|x86.Build.0 = Release
		{879A1F5B-6D35-4683-91C2-A7CE1CAE55ED}.Debug|Any CPU.ActiveCfg = Debug
		{879A1F5B-6D35-4683-91C2-A7CE1CAE55ED}.Debug|x86.ActiveCfg = Debug
		{879A1F5B-6D35-4683-91C2-A7CE1CAE55ED}.Debug|x86.Build.0 = Debug
		{879A1F5B-6D35-4683-91C2-A7CE1CAE55ED}.DVD-5|Any CPU.ActiveCfg = Debug
		{879A1F5B-6D35-4683-91C2-A7CE1CAE55ED}.DVD-5|x86.ActiveCfg = Debug
		{879A1F5B-6D35-4683-91C2-A7CE1CAE55ED}.DVD-5|x86.Build.0 = Debug
		{879A1F5B-6D35-4683-91C2-A7CE1CAE55ED}.Release|Any CPU.ActiveCfg = Release
		{879A1F5B-6D35-4683-91C2-A7CE1CAE55ED}.Release|x86.ActiveCfg = Release
		{879A1F5B-6D35-4683-91C2-A7CE1CAE55ED}.Release|x86.Build.0 = Release
		{879A1F5B-6D35-4683-91C2-A7CE1CAE55ED}.SingleImage|Any CPU.ActiveCfg = Release
		{879A1F5B-6D35-4683-91C2-A7CE1CAE55ED}.SingleImage|x86.ActiveCfg = Release
		{879A1F5B-6D35-4683-91C2-A7CE1CAE55ED}.SingleImage|x86.Build.0 = Release
	EndGlobalSection
	GlobalSection(SolutionProperties) = preSolution
		HideSolutionNode = FALSE
	EndGlobalSection
EndGlobal
