
Microsoft Visual Studio Solution File, Format Version 12.00
# Visual Studio 15
VisualStudioVersion = 15.0.26730.16
MinimumVisualStudioVersion = 10.0.40219.1
Project("{FAE04EC0-301F-11D3-BF4B-00C04F79EFBC}") = "BarcodeShipping.Data", "BarcodeShipping.Data\BarcodeShipping.Data.csproj", "{5583026A-91DF-4C3D-A3BB-15B9977DC8A6}"
EndProject
Project("{FAE04EC0-301F-11D3-BF4B-00C04F79EFBC}") = "BarcodeShipping.Services", "BarcodeShipping.Services\BarcodeShipping.Services.csproj", "{F0BBFE23-75D4-4D95-AF43-8CEAF86ABA56}"
EndProject
Project("{FAE04EC0-301F-11D3-BF4B-00C04F79EFBC}") = "OQC", "OQC\OQC.csproj", "{2E4C62B8-0AEB-41B2-8BCE-338404C90718}"
EndProject
Project("{FAE04EC0-301F-11D3-BF4B-00C04F79EFBC}") = "OQCChecking", "OQCChecking\OQCChecking.csproj", "{7D3E20B3-46DD-4CC3-9C02-DB2C1F02E984}"
EndProject
Project("{FAE04EC0-301F-11D3-BF4B-00C04F79EFBC}") = "Lib.Core", "Lib.Core\Lib.Core.csproj", "{36EE5B31-CFF5-47FF-9FB5-499B052B9834}"
EndProject
Project("{FAE04EC0-301F-11D3-BF4B-00C04F79EFBC}") = "BarcodeShipping.GUI", "BarcodeShipping.GUI\BarcodeShipping.GUI.csproj", "{32152D4B-FC15-4ACC-B9C0-67723103B999}"
EndProject
Project("{FAE04EC0-301F-11D3-BF4B-00C04F79EFBC}") = "MurataSystem", "MurataSystem\MurataSystem.csproj", "{66A5E655-526B-4328-A7B4-E0A3F5A328B3}"
EndProject
Project("{FAE04EC0-301F-11D3-BF4B-00C04F79EFBC}") = "CanonSystem", "CanonSystem\CanonSystem.csproj", "{51B3C9A2-72E3-4544-8B9E-75E0695B6FB1}"
EndProject
Project("{FAE04EC0-301F-11D3-BF4B-00C04F79EFBC}") = "NichiconSystem", "NichiconSystem\NichiconSystem.csproj", "{A8E31D53-400E-40EA-8411-26BA2587E929}"
EndProject
Global
	GlobalSection(SolutionConfigurationPlatforms) = preSolution
		CD_ROM|Any CPU = CD_ROM|Any CPU
		CD_ROM|Mixed Platforms = CD_ROM|Mixed Platforms
		CD_ROM|x86 = CD_ROM|x86
		Debug|Any CPU = Debug|Any CPU
		Debug|Mixed Platforms = Debug|Mixed Platforms
		Debug|x86 = Debug|x86
		DVD-5|Any CPU = DVD-5|Any CPU
		DVD-5|Mixed Platforms = DVD-5|Mixed Platforms
		DVD-5|x86 = DVD-5|x86
		Release|Any CPU = Release|Any CPU
		Release|Mixed Platforms = Release|Mixed Platforms
		Release|x86 = Release|x86
		SingleImage|Any CPU = SingleImage|Any CPU
		SingleImage|Mixed Platforms = SingleImage|Mixed Platforms
		SingleImage|x86 = SingleImage|x86
	EndGlobalSection
	GlobalSection(ProjectConfigurationPlatforms) = postSolution
		{5583026A-91DF-4C3D-A3BB-15B9977DC8A6}.CD_ROM|Any CPU.ActiveCfg = Release|Any CPU
		{5583026A-91DF-4C3D-A3BB-15B9977DC8A6}.CD_ROM|Any CPU.Build.0 = Release|Any CPU
		{5583026A-91DF-4C3D-A3BB-15B9977DC8A6}.CD_ROM|Mixed Platforms.ActiveCfg = Release|x86
		{5583026A-91DF-4C3D-A3BB-15B9977DC8A6}.CD_ROM|Mixed Platforms.Build.0 = Release|x86
		{5583026A-91DF-4C3D-A3BB-15B9977DC8A6}.CD_ROM|x86.ActiveCfg = Debug|x86
		{5583026A-91DF-4C3D-A3BB-15B9977DC8A6}.CD_ROM|x86.Build.0 = Debug|x86
		{5583026A-91DF-4C3D-A3BB-15B9977DC8A6}.Debug|Any CPU.ActiveCfg = Debug|Any CPU
		{5583026A-91DF-4C3D-A3BB-15B9977DC8A6}.Debug|Any CPU.Build.0 = Debug|Any CPU
		{5583026A-91DF-4C3D-A3BB-15B9977DC8A6}.Debug|Mixed Platforms.ActiveCfg = Debug|Any CPU
		{5583026A-91DF-4C3D-A3BB-15B9977DC8A6}.Debug|Mixed Platforms.Build.0 = Debug|Any CPU
		{5583026A-91DF-4C3D-A3BB-15B9977DC8A6}.Debug|x86.ActiveCfg = Debug|x86
		{5583026A-91DF-4C3D-A3BB-15B9977DC8A6}.Debug|x86.Build.0 = Debug|x86
		{5583026A-91DF-4C3D-A3BB-15B9977DC8A6}.Debug|x86.Deploy.0 = Debug|x86
		{5583026A-91DF-4C3D-A3BB-15B9977DC8A6}.DVD-5|Any CPU.ActiveCfg = Debug|Any CPU
		{5583026A-91DF-4C3D-A3BB-15B9977DC8A6}.DVD-5|Any CPU.Build.0 = Debug|Any CPU
		{5583026A-91DF-4C3D-A3BB-15B9977DC8A6}.DVD-5|Mixed Platforms.ActiveCfg = Debug|x86
		{5583026A-91DF-4C3D-A3BB-15B9977DC8A6}.DVD-5|Mixed Platforms.Build.0 = Debug|x86
		{5583026A-91DF-4C3D-A3BB-15B9977DC8A6}.DVD-5|x86.ActiveCfg = Debug|x86
		{5583026A-91DF-4C3D-A3BB-15B9977DC8A6}.DVD-5|x86.Build.0 = Debug|x86
		{5583026A-91DF-4C3D-A3BB-15B9977DC8A6}.Release|Any CPU.ActiveCfg = Release|Any CPU
		{5583026A-91DF-4C3D-A3BB-15B9977DC8A6}.Release|Any CPU.Build.0 = Release|Any CPU
		{5583026A-91DF-4C3D-A3BB-15B9977DC8A6}.Release|Mixed Platforms.ActiveCfg = Release|x86
		{5583026A-91DF-4C3D-A3BB-15B9977DC8A6}.Release|Mixed Platforms.Build.0 = Release|x86
		{5583026A-91DF-4C3D-A3BB-15B9977DC8A6}.Release|x86.ActiveCfg = Release|x86
		{5583026A-91DF-4C3D-A3BB-15B9977DC8A6}.Release|x86.Build.0 = Release|x86
		{5583026A-91DF-4C3D-A3BB-15B9977DC8A6}.SingleImage|Any CPU.ActiveCfg = Release|Any CPU
		{5583026A-91DF-4C3D-A3BB-15B9977DC8A6}.SingleImage|Any CPU.Build.0 = Release|Any CPU
		{5583026A-91DF-4C3D-A3BB-15B9977DC8A6}.SingleImage|Mixed Platforms.ActiveCfg = Release|x86
		{5583026A-91DF-4C3D-A3BB-15B9977DC8A6}.SingleImage|Mixed Platforms.Build.0 = Release|x86
		{5583026A-91DF-4C3D-A3BB-15B9977DC8A6}.SingleImage|x86.ActiveCfg = Debug|x86
		{5583026A-91DF-4C3D-A3BB-15B9977DC8A6}.SingleImage|x86.Build.0 = Debug|x86
		{F0BBFE23-75D4-4D95-AF43-8CEAF86ABA56}.CD_ROM|Any CPU.ActiveCfg = Release|Any CPU
		{F0BBFE23-75D4-4D95-AF43-8CEAF86ABA56}.CD_ROM|Any CPU.Build.0 = Release|Any CPU
		{F0BBFE23-75D4-4D95-AF43-8CEAF86ABA56}.CD_ROM|Mixed Platforms.ActiveCfg = Release|Any CPU
		{F0BBFE23-75D4-4D95-AF43-8CEAF86ABA56}.CD_ROM|Mixed Platforms.Build.0 = Release|Any CPU
		{F0BBFE23-75D4-4D95-AF43-8CEAF86ABA56}.CD_ROM|x86.ActiveCfg = Release|Any CPU
		{F0BBFE23-75D4-4D95-AF43-8CEAF86ABA56}.Debug|Any CPU.ActiveCfg = Debug|Any CPU
		{F0BBFE23-75D4-4D95-AF43-8CEAF86ABA56}.Debug|Any CPU.Build.0 = Debug|Any CPU
		{F0BBFE23-75D4-4D95-AF43-8CEAF86ABA56}.Debug|Mixed Platforms.ActiveCfg = Debug|Any CPU
		{F0BBFE23-75D4-4D95-AF43-8CEAF86ABA56}.Debug|Mixed Platforms.Build.0 = Debug|Any CPU
		{F0BBFE23-75D4-4D95-AF43-8CEAF86ABA56}.Debug|x86.ActiveCfg = Debug|Any CPU
		{F0BBFE23-75D4-4D95-AF43-8CEAF86ABA56}.DVD-5|Any CPU.ActiveCfg = Debug|Any CPU
		{F0BBFE23-75D4-4D95-AF43-8CEAF86ABA56}.DVD-5|Any CPU.Build.0 = Debug|Any CPU
		{F0BBFE23-75D4-4D95-AF43-8CEAF86ABA56}.DVD-5|Mixed Platforms.ActiveCfg = Debug|Any CPU
		{F0BBFE23-75D4-4D95-AF43-8CEAF86ABA56}.DVD-5|Mixed Platforms.Build.0 = Debug|Any CPU
		{F0BBFE23-75D4-4D95-AF43-8CEAF86ABA56}.DVD-5|x86.ActiveCfg = Debug|Any CPU
		{F0BBFE23-75D4-4D95-AF43-8CEAF86ABA56}.Release|Any CPU.ActiveCfg = Release|Any CPU
		{F0BBFE23-75D4-4D95-AF43-8CEAF86ABA56}.Release|Any CPU.Build.0 = Release|Any CPU
		{F0BBFE23-75D4-4D95-AF43-8CEAF86ABA56}.Release|Mixed Platforms.ActiveCfg = Release|Any CPU
		{F0BBFE23-75D4-4D95-AF43-8CEAF86ABA56}.Release|Mixed Platforms.Build.0 = Release|Any CPU
		{F0BBFE23-75D4-4D95-AF43-8CEAF86ABA56}.Release|x86.ActiveCfg = Release|Any CPU
		{F0BBFE23-75D4-4D95-AF43-8CEAF86ABA56}.SingleImage|Any CPU.ActiveCfg = Release|Any CPU
		{F0BBFE23-75D4-4D95-AF43-8CEAF86ABA56}.SingleImage|Any CPU.Build.0 = Release|Any CPU
		{F0BBFE23-75D4-4D95-AF43-8CEAF86ABA56}.SingleImage|Mixed Platforms.ActiveCfg = Release|Any CPU
		{F0BBFE23-75D4-4D95-AF43-8CEAF86ABA56}.SingleImage|Mixed Platforms.Build.0 = Release|Any CPU
		{F0BBFE23-75D4-4D95-AF43-8CEAF86ABA56}.SingleImage|x86.ActiveCfg = Release|Any CPU
		{2E4C62B8-0AEB-41B2-8BCE-338404C90718}.CD_ROM|Any CPU.ActiveCfg = Release|Any CPU
		{2E4C62B8-0AEB-41B2-8BCE-338404C90718}.CD_ROM|Any CPU.Build.0 = Release|Any CPU
		{2E4C62B8-0AEB-41B2-8BCE-338404C90718}.CD_ROM|Mixed Platforms.ActiveCfg = Release|Any CPU
		{2E4C62B8-0AEB-41B2-8BCE-338404C90718}.CD_ROM|Mixed Platforms.Build.0 = Release|Any CPU
		{2E4C62B8-0AEB-41B2-8BCE-338404C90718}.CD_ROM|x86.ActiveCfg = Release|Any CPU
		{2E4C62B8-0AEB-41B2-8BCE-338404C90718}.CD_ROM|x86.Build.0 = Release|Any CPU
		{2E4C62B8-0AEB-41B2-8BCE-338404C90718}.Debug|Any CPU.ActiveCfg = Debug|Any CPU
		{2E4C62B8-0AEB-41B2-8BCE-338404C90718}.Debug|Any CPU.Build.0 = Debug|Any CPU
		{2E4C62B8-0AEB-41B2-8BCE-338404C90718}.Debug|Mixed Platforms.ActiveCfg = Debug|Any CPU
		{2E4C62B8-0AEB-41B2-8BCE-338404C90718}.Debug|Mixed Platforms.Build.0 = Debug|Any CPU
		{2E4C62B8-0AEB-41B2-8BCE-338404C90718}.Debug|x86.ActiveCfg = Debug|Any CPU
		{2E4C62B8-0AEB-41B2-8BCE-338404C90718}.Debug|x86.Build.0 = Debug|Any CPU
		{2E4C62B8-0AEB-41B2-8BCE-338404C90718}.DVD-5|Any CPU.ActiveCfg = Debug|Any CPU
		{2E4C62B8-0AEB-41B2-8BCE-338404C90718}.DVD-5|Any CPU.Build.0 = Debug|Any CPU
		{2E4C62B8-0AEB-41B2-8BCE-338404C90718}.DVD-5|Mixed Platforms.ActiveCfg = Debug|Any CPU
		{2E4C62B8-0AEB-41B2-8BCE-338404C90718}.DVD-5|Mixed Platforms.Build.0 = Debug|Any CPU
		{2E4C62B8-0AEB-41B2-8BCE-338404C90718}.DVD-5|x86.ActiveCfg = Debug|Any CPU
		{2E4C62B8-0AEB-41B2-8BCE-338404C90718}.DVD-5|x86.Build.0 = Debug|Any CPU
		{2E4C62B8-0AEB-41B2-8BCE-338404C90718}.Release|Any CPU.ActiveCfg = Release|Any CPU
		{2E4C62B8-0AEB-41B2-8BCE-338404C90718}.Release|Any CPU.Build.0 = Release|Any CPU
		{2E4C62B8-0AEB-41B2-8BCE-338404C90718}.Release|Mixed Platforms.ActiveCfg = Release|Any CPU
		{2E4C62B8-0AEB-41B2-8BCE-338404C90718}.Release|Mixed Platforms.Build.0 = Release|Any CPU
		{2E4C62B8-0AEB-41B2-8BCE-338404C90718}.Release|x86.ActiveCfg = Release|Any CPU
		{2E4C62B8-0AEB-41B2-8BCE-338404C90718}.Release|x86.Build.0 = Release|Any CPU
		{2E4C62B8-0AEB-41B2-8BCE-338404C90718}.SingleImage|Any CPU.ActiveCfg = Release|Any CPU
		{2E4C62B8-0AEB-41B2-8BCE-338404C90718}.SingleImage|Any CPU.Build.0 = Release|Any CPU
		{2E4C62B8-0AEB-41B2-8BCE-338404C90718}.SingleImage|Mixed Platforms.ActiveCfg = Release|Any CPU
		{2E4C62B8-0AEB-41B2-8BCE-338404C90718}.SingleImage|Mixed Platforms.Build.0 = Release|Any CPU
		{2E4C62B8-0AEB-41B2-8BCE-338404C90718}.SingleImage|x86.ActiveCfg = Release|Any CPU
		{2E4C62B8-0AEB-41B2-8BCE-338404C90718}.SingleImage|x86.Build.0 = Release|Any CPU
		{7D3E20B3-46DD-4CC3-9C02-DB2C1F02E984}.CD_ROM|Any CPU.ActiveCfg = Release|Any CPU
		{7D3E20B3-46DD-4CC3-9C02-DB2C1F02E984}.CD_ROM|Any CPU.Build.0 = Release|Any CPU
		{7D3E20B3-46DD-4CC3-9C02-DB2C1F02E984}.CD_ROM|Mixed Platforms.ActiveCfg = Release|Any CPU
		{7D3E20B3-46DD-4CC3-9C02-DB2C1F02E984}.CD_ROM|Mixed Platforms.Build.0 = Release|Any CPU
		{7D3E20B3-46DD-4CC3-9C02-DB2C1F02E984}.CD_ROM|x86.ActiveCfg = Release|Any CPU
		{7D3E20B3-46DD-4CC3-9C02-DB2C1F02E984}.CD_ROM|x86.Build.0 = Release|Any CPU
		{7D3E20B3-46DD-4CC3-9C02-DB2C1F02E984}.Debug|Any CPU.ActiveCfg = Debug|Any CPU
		{7D3E20B3-46DD-4CC3-9C02-DB2C1F02E984}.Debug|Any CPU.Build.0 = Debug|Any CPU
		{7D3E20B3-46DD-4CC3-9C02-DB2C1F02E984}.Debug|Mixed Platforms.ActiveCfg = Debug|Any CPU
		{7D3E20B3-46DD-4CC3-9C02-DB2C1F02E984}.Debug|Mixed Platforms.Build.0 = Debug|Any CPU
		{7D3E20B3-46DD-4CC3-9C02-DB2C1F02E984}.Debug|x86.ActiveCfg = Debug|Any CPU
		{7D3E20B3-46DD-4CC3-9C02-DB2C1F02E984}.Debug|x86.Build.0 = Debug|Any CPU
		{7D3E20B3-46DD-4CC3-9C02-DB2C1F02E984}.DVD-5|Any CPU.ActiveCfg = Debug|Any CPU
		{7D3E20B3-46DD-4CC3-9C02-DB2C1F02E984}.DVD-5|Any CPU.Build.0 = Debug|Any CPU
		{7D3E20B3-46DD-4CC3-9C02-DB2C1F02E984}.DVD-5|Mixed Platforms.ActiveCfg = Debug|Any CPU
		{7D3E20B3-46DD-4CC3-9C02-DB2C1F02E984}.DVD-5|Mixed Platforms.Build.0 = Debug|Any CPU
		{7D3E20B3-46DD-4CC3-9C02-DB2C1F02E984}.DVD-5|x86.ActiveCfg = Debug|Any CPU
		{7D3E20B3-46DD-4CC3-9C02-DB2C1F02E984}.DVD-5|x86.Build.0 = Debug|Any CPU
		{7D3E20B3-46DD-4CC3-9C02-DB2C1F02E984}.Release|Any CPU.ActiveCfg = Release|Any CPU
		{7D3E20B3-46DD-4CC3-9C02-DB2C1F02E984}.Release|Any CPU.Build.0 = Release|Any CPU
		{7D3E20B3-46DD-4CC3-9C02-DB2C1F02E984}.Release|Mixed Platforms.ActiveCfg = Release|Any CPU
		{7D3E20B3-46DD-4CC3-9C02-DB2C1F02E984}.Release|Mixed Platforms.Build.0 = Release|Any CPU
		{7D3E20B3-46DD-4CC3-9C02-DB2C1F02E984}.Release|x86.ActiveCfg = Release|Any CPU
		{7D3E20B3-46DD-4CC3-9C02-DB2C1F02E984}.Release|x86.Build.0 = Release|Any CPU
		{7D3E20B3-46DD-4CC3-9C02-DB2C1F02E984}.SingleImage|Any CPU.ActiveCfg = Release|Any CPU
		{7D3E20B3-46DD-4CC3-9C02-DB2C1F02E984}.SingleImage|Any CPU.Build.0 = Release|Any CPU
		{7D3E20B3-46DD-4CC3-9C02-DB2C1F02E984}.SingleImage|Mixed Platforms.ActiveCfg = Release|Any CPU
		{7D3E20B3-46DD-4CC3-9C02-DB2C1F02E984}.SingleImage|Mixed Platforms.Build.0 = Release|Any CPU
		{7D3E20B3-46DD-4CC3-9C02-DB2C1F02E984}.SingleImage|x86.ActiveCfg = Release|Any CPU
		{7D3E20B3-46DD-4CC3-9C02-DB2C1F02E984}.SingleImage|x86.Build.0 = Release|Any CPU
		{36EE5B31-CFF5-47FF-9FB5-499B052B9834}.CD_ROM|Any CPU.ActiveCfg = Release|Any CPU
		{36EE5B31-CFF5-47FF-9FB5-499B052B9834}.CD_ROM|Any CPU.Build.0 = Release|Any CPU
		{36EE5B31-CFF5-47FF-9FB5-499B052B9834}.CD_ROM|Mixed Platforms.ActiveCfg = Release|Any CPU
		{36EE5B31-CFF5-47FF-9FB5-499B052B9834}.CD_ROM|Mixed Platforms.Build.0 = Release|Any CPU
		{36EE5B31-CFF5-47FF-9FB5-499B052B9834}.CD_ROM|x86.ActiveCfg = Release|Any CPU
		{36EE5B31-CFF5-47FF-9FB5-499B052B9834}.CD_ROM|x86.Build.0 = Release|Any CPU
		{36EE5B31-CFF5-47FF-9FB5-499B052B9834}.Debug|Any CPU.ActiveCfg = Debug|Any CPU
		{36EE5B31-CFF5-47FF-9FB5-499B052B9834}.Debug|Any CPU.Build.0 = Debug|Any CPU
		{36EE5B31-CFF5-47FF-9FB5-499B052B9834}.Debug|Mixed Platforms.ActiveCfg = Debug|Any CPU
		{36EE5B31-CFF5-47FF-9FB5-499B052B9834}.Debug|Mixed Platforms.Build.0 = Debug|Any CPU
		{36EE5B31-CFF5-47FF-9FB5-499B052B9834}.Debug|x86.ActiveCfg = Debug|Any CPU
		{36EE5B31-CFF5-47FF-9FB5-499B052B9834}.Debug|x86.Build.0 = Debug|Any CPU
		{36EE5B31-CFF5-47FF-9FB5-499B052B9834}.DVD-5|Any CPU.ActiveCfg = Debug|Any CPU
		{36EE5B31-CFF5-47FF-9FB5-499B052B9834}.DVD-5|Any CPU.Build.0 = Debug|Any CPU
		{36EE5B31-CFF5-47FF-9FB5-499B052B9834}.DVD-5|Mixed Platforms.ActiveCfg = Debug|Any CPU
		{36EE5B31-CFF5-47FF-9FB5-499B052B9834}.DVD-5|Mixed Platforms.Build.0 = Debug|Any CPU
		{36EE5B31-CFF5-47FF-9FB5-499B052B9834}.DVD-5|x86.ActiveCfg = Debug|Any CPU
		{36EE5B31-CFF5-47FF-9FB5-499B052B9834}.DVD-5|x86.Build.0 = Debug|Any CPU
		{36EE5B31-CFF5-47FF-9FB5-499B052B9834}.Release|Any CPU.ActiveCfg = Release|Any CPU
		{36EE5B31-CFF5-47FF-9FB5-499B052B9834}.Release|Any CPU.Build.0 = Release|Any CPU
		{36EE5B31-CFF5-47FF-9FB5-499B052B9834}.Release|Mixed Platforms.ActiveCfg = Release|Any CPU
		{36EE5B31-CFF5-47FF-9FB5-499B052B9834}.Release|Mixed Platforms.Build.0 = Release|Any CPU
		{36EE5B31-CFF5-47FF-9FB5-499B052B9834}.Release|x86.ActiveCfg = Release|Any CPU
		{36EE5B31-CFF5-47FF-9FB5-499B052B9834}.Release|x86.Build.0 = Release|Any CPU
		{36EE5B31-CFF5-47FF-9FB5-499B052B9834}.SingleImage|Any CPU.ActiveCfg = Release|Any CPU
		{36EE5B31-CFF5-47FF-9FB5-499B052B9834}.SingleImage|Any CPU.Build.0 = Release|Any CPU
		{36EE5B31-CFF5-47FF-9FB5-499B052B9834}.SingleImage|Mixed Platforms.ActiveCfg = Release|Any CPU
		{36EE5B31-CFF5-47FF-9FB5-499B052B9834}.SingleImage|Mixed Platforms.Build.0 = Release|Any CPU
		{36EE5B31-CFF5-47FF-9FB5-499B052B9834}.SingleImage|x86.ActiveCfg = Release|Any CPU
		{36EE5B31-CFF5-47FF-9FB5-499B052B9834}.SingleImage|x86.Build.0 = Release|Any CPU
		{32152D4B-FC15-4ACC-B9C0-67723103B999}.CD_ROM|Any CPU.ActiveCfg = Release|Any CPU
		{32152D4B-FC15-4ACC-B9C0-67723103B999}.CD_ROM|Any CPU.Build.0 = Release|Any CPU
		{32152D4B-FC15-4ACC-B9C0-67723103B999}.CD_ROM|Mixed Platforms.ActiveCfg = Release|x86
		{32152D4B-FC15-4ACC-B9C0-67723103B999}.CD_ROM|Mixed Platforms.Build.0 = Release|x86
		{32152D4B-FC15-4ACC-B9C0-67723103B999}.CD_ROM|x86.ActiveCfg = Release|x86
		{32152D4B-FC15-4ACC-B9C0-67723103B999}.CD_ROM|x86.Build.0 = Release|x86
		{32152D4B-FC15-4ACC-B9C0-67723103B999}.Debug|Any CPU.ActiveCfg = Debug|Any CPU
		{32152D4B-FC15-4ACC-B9C0-67723103B999}.Debug|Any CPU.Build.0 = Debug|Any CPU
		{32152D4B-FC15-4ACC-B9C0-67723103B999}.Debug|Mixed Platforms.ActiveCfg = Debug|x86
		{32152D4B-FC15-4ACC-B9C0-67723103B999}.Debug|Mixed Platforms.Build.0 = Debug|x86
		{32152D4B-FC15-4ACC-B9C0-67723103B999}.Debug|x86.ActiveCfg = Debug|x86
		{32152D4B-FC15-4ACC-B9C0-67723103B999}.Debug|x86.Build.0 = Debug|x86
		{32152D4B-FC15-4ACC-B9C0-67723103B999}.DVD-5|Any CPU.ActiveCfg = Debug|Any CPU
		{32152D4B-FC15-4ACC-B9C0-67723103B999}.DVD-5|Any CPU.Build.0 = Debug|Any CPU
		{32152D4B-FC15-4ACC-B9C0-67723103B999}.DVD-5|Mixed Platforms.ActiveCfg = Debug|x86
		{32152D4B-FC15-4ACC-B9C0-67723103B999}.DVD-5|Mixed Platforms.Build.0 = Debug|x86
		{32152D4B-FC15-4ACC-B9C0-67723103B999}.DVD-5|x86.ActiveCfg = Debug|x86
		{32152D4B-FC15-4ACC-B9C0-67723103B999}.DVD-5|x86.Build.0 = Debug|x86
		{32152D4B-FC15-4ACC-B9C0-67723103B999}.Release|Any CPU.ActiveCfg = Release|Any CPU
		{32152D4B-FC15-4ACC-B9C0-67723103B999}.Release|Any CPU.Build.0 = Release|Any CPU
		{32152D4B-FC15-4ACC-B9C0-67723103B999}.Release|Mixed Platforms.ActiveCfg = Release|x86
		{32152D4B-FC15-4ACC-B9C0-67723103B999}.Release|Mixed Platforms.Build.0 = Release|x86
		{32152D4B-FC15-4ACC-B9C0-67723103B999}.Release|x86.ActiveCfg = Release|x86
		{32152D4B-FC15-4ACC-B9C0-67723103B999}.Release|x86.Build.0 = Release|x86
		{32152D4B-FC15-4ACC-B9C0-67723103B999}.SingleImage|Any CPU.ActiveCfg = Release|Any CPU
		{32152D4B-FC15-4ACC-B9C0-67723103B999}.SingleImage|Any CPU.Build.0 = Release|Any CPU
		{32152D4B-FC15-4ACC-B9C0-67723103B999}.SingleImage|Mixed Platforms.ActiveCfg = Release|x86
		{32152D4B-FC15-4ACC-B9C0-67723103B999}.SingleImage|Mixed Platforms.Build.0 = Release|x86
		{32152D4B-FC15-4ACC-B9C0-67723103B999}.SingleImage|x86.ActiveCfg = Release|x86
		{32152D4B-FC15-4ACC-B9C0-67723103B999}.SingleImage|x86.Build.0 = Release|x86
		{66A5E655-526B-4328-A7B4-E0A3F5A328B3}.CD_ROM|Any CPU.ActiveCfg = Release|Any CPU
		{66A5E655-526B-4328-A7B4-E0A3F5A328B3}.CD_ROM|Any CPU.Build.0 = Release|Any CPU
		{66A5E655-526B-4328-A7B4-E0A3F5A328B3}.CD_ROM|Mixed Platforms.ActiveCfg = Release|Any CPU
		{66A5E655-526B-4328-A7B4-E0A3F5A328B3}.CD_ROM|Mixed Platforms.Build.0 = Release|Any CPU
		{66A5E655-526B-4328-A7B4-E0A3F5A328B3}.CD_ROM|x86.ActiveCfg = Release|Any CPU
		{66A5E655-526B-4328-A7B4-E0A3F5A328B3}.CD_ROM|x86.Build.0 = Release|Any CPU
		{66A5E655-526B-4328-A7B4-E0A3F5A328B3}.Debug|Any CPU.ActiveCfg = Debug|Any CPU
		{66A5E655-526B-4328-A7B4-E0A3F5A328B3}.Debug|Any CPU.Build.0 = Debug|Any CPU
		{66A5E655-526B-4328-A7B4-E0A3F5A328B3}.Debug|Mixed Platforms.ActiveCfg = Debug|Any CPU
		{66A5E655-526B-4328-A7B4-E0A3F5A328B3}.Debug|Mixed Platforms.Build.0 = Debug|Any CPU
		{66A5E655-526B-4328-A7B4-E0A3F5A328B3}.Debug|x86.ActiveCfg = Debug|Any CPU
		{66A5E655-526B-4328-A7B4-E0A3F5A328B3}.Debug|x86.Build.0 = Debug|Any CPU
		{66A5E655-526B-4328-A7B4-E0A3F5A328B3}.DVD-5|Any CPU.ActiveCfg = Debug|Any CPU
		{66A5E655-526B-4328-A7B4-E0A3F5A328B3}.DVD-5|Any CPU.Build.0 = Debug|Any CPU
		{66A5E655-526B-4328-A7B4-E0A3F5A328B3}.DVD-5|Mixed Platforms.ActiveCfg = Debug|Any CPU
		{66A5E655-526B-4328-A7B4-E0A3F5A328B3}.DVD-5|Mixed Platforms.Build.0 = Debug|Any CPU
		{66A5E655-526B-4328-A7B4-E0A3F5A328B3}.DVD-5|x86.ActiveCfg = Debug|Any CPU
		{66A5E655-526B-4328-A7B4-E0A3F5A328B3}.DVD-5|x86.Build.0 = Debug|Any CPU
		{66A5E655-526B-4328-A7B4-E0A3F5A328B3}.Release|Any CPU.ActiveCfg = Release|Any CPU
		{66A5E655-526B-4328-A7B4-E0A3F5A328B3}.Release|Any CPU.Build.0 = Release|Any CPU
		{66A5E655-526B-4328-A7B4-E0A3F5A328B3}.Release|Mixed Platforms.ActiveCfg = Release|Any CPU
		{66A5E655-526B-4328-A7B4-E0A3F5A328B3}.Release|Mixed Platforms.Build.0 = Release|Any CPU
		{66A5E655-526B-4328-A7B4-E0A3F5A328B3}.Release|x86.ActiveCfg = Release|Any CPU
		{66A5E655-526B-4328-A7B4-E0A3F5A328B3}.Release|x86.Build.0 = Release|Any CPU
		{66A5E655-526B-4328-A7B4-E0A3F5A328B3}.SingleImage|Any CPU.ActiveCfg = Release|Any CPU
		{66A5E655-526B-4328-A7B4-E0A3F5A328B3}.SingleImage|Any CPU.Build.0 = Release|Any CPU
		{66A5E655-526B-4328-A7B4-E0A3F5A328B3}.SingleImage|Mixed Platforms.ActiveCfg = Release|Any CPU
		{66A5E655-526B-4328-A7B4-E0A3F5A328B3}.SingleImage|Mixed Platforms.Build.0 = Release|Any CPU
		{66A5E655-526B-4328-A7B4-E0A3F5A328B3}.SingleImage|x86.ActiveCfg = Release|Any CPU
		{66A5E655-526B-4328-A7B4-E0A3F5A328B3}.SingleImage|x86.Build.0 = Release|Any CPU
		{51B3C9A2-72E3-4544-8B9E-75E0695B6FB1}.CD_ROM|Any CPU.ActiveCfg = Release|Any CPU
		{51B3C9A2-72E3-4544-8B9E-75E0695B6FB1}.CD_ROM|Any CPU.Build.0 = Release|Any CPU
		{51B3C9A2-72E3-4544-8B9E-75E0695B6FB1}.CD_ROM|Mixed Platforms.ActiveCfg = Release|Any CPU
		{51B3C9A2-72E3-4544-8B9E-75E0695B6FB1}.CD_ROM|Mixed Platforms.Build.0 = Release|Any CPU
		{51B3C9A2-72E3-4544-8B9E-75E0695B6FB1}.CD_ROM|x86.ActiveCfg = Release|Any CPU
		{51B3C9A2-72E3-4544-8B9E-75E0695B6FB1}.CD_ROM|x86.Build.0 = Release|Any CPU
		{51B3C9A2-72E3-4544-8B9E-75E0695B6FB1}.Debug|Any CPU.ActiveCfg = Debug|Any CPU
		{51B3C9A2-72E3-4544-8B9E-75E0695B6FB1}.Debug|Any CPU.Build.0 = Debug|Any CPU
		{51B3C9A2-72E3-4544-8B9E-75E0695B6FB1}.Debug|Mixed Platforms.ActiveCfg = Debug|Any CPU
		{51B3C9A2-72E3-4544-8B9E-75E0695B6FB1}.Debug|Mixed Platforms.Build.0 = Debug|Any CPU
		{51B3C9A2-72E3-4544-8B9E-75E0695B6FB1}.Debug|x86.ActiveCfg = Debug|Any CPU
		{51B3C9A2-72E3-4544-8B9E-75E0695B6FB1}.Debug|x86.Build.0 = Debug|Any CPU
		{51B3C9A2-72E3-4544-8B9E-75E0695B6FB1}.DVD-5|Any CPU.ActiveCfg = Debug|Any CPU
		{51B3C9A2-72E3-4544-8B9E-75E0695B6FB1}.DVD-5|Any CPU.Build.0 = Debug|Any CPU
		{51B3C9A2-72E3-4544-8B9E-75E0695B6FB1}.DVD-5|Mixed Platforms.ActiveCfg = Debug|Any CPU
		{51B3C9A2-72E3-4544-8B9E-75E0695B6FB1}.DVD-5|Mixed Platforms.Build.0 = Debug|Any CPU
		{51B3C9A2-72E3-4544-8B9E-75E0695B6FB1}.DVD-5|x86.ActiveCfg = Debug|Any CPU
		{51B3C9A2-72E3-4544-8B9E-75E0695B6FB1}.DVD-5|x86.Build.0 = Debug|Any CPU
		{51B3C9A2-72E3-4544-8B9E-75E0695B6FB1}.Release|Any CPU.ActiveCfg = Release|Any CPU
		{51B3C9A2-72E3-4544-8B9E-75E0695B6FB1}.Release|Any CPU.Build.0 = Release|Any CPU
		{51B3C9A2-72E3-4544-8B9E-75E0695B6FB1}.Release|Mixed Platforms.ActiveCfg = Release|Any CPU
		{51B3C9A2-72E3-4544-8B9E-75E0695B6FB1}.Release|Mixed Platforms.Build.0 = Release|Any CPU
		{51B3C9A2-72E3-4544-8B9E-75E0695B6FB1}.Release|x86.ActiveCfg = Release|Any CPU
		{51B3C9A2-72E3-4544-8B9E-75E0695B6FB1}.Release|x86.Build.0 = Release|Any CPU
		{51B3C9A2-72E3-4544-8B9E-75E0695B6FB1}.SingleImage|Any CPU.ActiveCfg = Release|Any CPU
		{51B3C9A2-72E3-4544-8B9E-75E0695B6FB1}.SingleImage|Any CPU.Build.0 = Release|Any CPU
		{51B3C9A2-72E3-4544-8B9E-75E0695B6FB1}.SingleImage|Mixed Platforms.ActiveCfg = Release|Any CPU
		{51B3C9A2-72E3-4544-8B9E-75E0695B6FB1}.SingleImage|Mixed Platforms.Build.0 = Release|Any CPU
		{51B3C9A2-72E3-4544-8B9E-75E0695B6FB1}.SingleImage|x86.ActiveCfg = Release|Any CPU
		{51B3C9A2-72E3-4544-8B9E-75E0695B6FB1}.SingleImage|x86.Build.0 = Release|Any CPU
		{A8E31D53-400E-40EA-8411-26BA2587E929}.CD_ROM|Any CPU.ActiveCfg = Release|Any CPU
		{A8E31D53-400E-40EA-8411-26BA2587E929}.CD_ROM|Any CPU.Build.0 = Release|Any CPU
		{A8E31D53-400E-40EA-8411-26BA2587E929}.CD_ROM|Mixed Platforms.ActiveCfg = Release|Any CPU
		{A8E31D53-400E-40EA-8411-26BA2587E929}.CD_ROM|Mixed Platforms.Build.0 = Release|Any CPU
		{A8E31D53-400E-40EA-8411-26BA2587E929}.CD_ROM|x86.ActiveCfg = Release|Any CPU
		{A8E31D53-400E-40EA-8411-26BA2587E929}.CD_ROM|x86.Build.0 = Release|Any CPU
		{A8E31D53-400E-40EA-8411-26BA2587E929}.Debug|Any CPU.ActiveCfg = Debug|Any CPU
		{A8E31D53-400E-40EA-8411-26BA2587E929}.Debug|Any CPU.Build.0 = Debug|Any CPU
		{A8E31D53-400E-40EA-8411-26BA2587E929}.Debug|Mixed Platforms.ActiveCfg = Debug|Any CPU
		{A8E31D53-400E-40EA-8411-26BA2587E929}.Debug|Mixed Platforms.Build.0 = Debug|Any CPU
		{A8E31D53-400E-40EA-8411-26BA2587E929}.Debug|x86.ActiveCfg = Debug|Any CPU
		{A8E31D53-400E-40EA-8411-26BA2587E929}.Debug|x86.Build.0 = Debug|Any CPU
		{A8E31D53-400E-40EA-8411-26BA2587E929}.DVD-5|Any CPU.ActiveCfg = Debug|Any CPU
		{A8E31D53-400E-40EA-8411-26BA2587E929}.DVD-5|Any CPU.Build.0 = Debug|Any CPU
		{A8E31D53-400E-40EA-8411-26BA2587E929}.DVD-5|Mixed Platforms.ActiveCfg = Debug|Any CPU
		{A8E31D53-400E-40EA-8411-26BA2587E929}.DVD-5|Mixed Platforms.Build.0 = Debug|Any CPU
		{A8E31D53-400E-40EA-8411-26BA2587E929}.DVD-5|x86.ActiveCfg = Debug|Any CPU
		{A8E31D53-400E-40EA-8411-26BA2587E929}.DVD-5|x86.Build.0 = Debug|Any CPU
		{A8E31D53-400E-40EA-8411-26BA2587E929}.Release|Any CPU.ActiveCfg = Release|Any CPU
		{A8E31D53-400E-40EA-8411-26BA2587E929}.Release|Any CPU.Build.0 = Release|Any CPU
		{A8E31D53-400E-40EA-8411-26BA2587E929}.Release|Mixed Platforms.ActiveCfg = Release|Any CPU
		{A8E31D53-400E-40EA-8411-26BA2587E929}.Release|Mixed Platforms.Build.0 = Release|Any CPU
		{A8E31D53-400E-40EA-8411-26BA2587E929}.Release|x86.ActiveCfg = Release|Any CPU
		{A8E31D53-400E-40EA-8411-26BA2587E929}.Release|x86.Build.0 = Release|Any CPU
		{A8E31D53-400E-40EA-8411-26BA2587E929}.SingleImage|Any CPU.ActiveCfg = Release|Any CPU
		{A8E31D53-400E-40EA-8411-26BA2587E929}.SingleImage|Any CPU.Build.0 = Release|Any CPU
		{A8E31D53-400E-40EA-8411-26BA2587E929}.SingleImage|Mixed Platforms.ActiveCfg = Release|Any CPU
		{A8E31D53-400E-40EA-8411-26BA2587E929}.SingleImage|Mixed Platforms.Build.0 = Release|Any CPU
		{A8E31D53-400E-40EA-8411-26BA2587E929}.SingleImage|x86.ActiveCfg = Release|Any CPU
		{A8E31D53-400E-40EA-8411-26BA2587E929}.SingleImage|x86.Build.0 = Release|Any CPU
	EndGlobalSection
	GlobalSection(SolutionProperties) = preSolution
		HideSolutionNode = FALSE
	EndGlobalSection
	GlobalSection(ExtensibilityGlobals) = postSolution
		SolutionGuid = {1DBCBFFE-2C31-4EFD-8208-2AB0A6DCBF11}
	EndGlobalSection
EndGlobal
