
Microsoft Visual Studio Solution File, Format Version 12.00
# Visual Studio 15
VisualStudioVersion = 15.0.26430.16
MinimumVisualStudioVersion = 10.0.40219.1
Project("{FAE04EC0-301F-11D3-BF4B-00C04F79EFBC}") = "EducationSkills", "EducationSkills\EducationSkills.csproj", "{ACF17574-CF19-4D3A-B6A7-FDFCC459BB1B}"
EndProject
Project("{FAE04EC0-301F-11D3-BF4B-00C04F79EFBC}") = "EducationSkills.Data", "EducationSkills.Data\EducationSkills.Data.csproj", "{A4DDE899-19DC-48DE-B384-DE75B9EACC85}"
EndProject
Project("{FAE04EC0-301F-11D3-BF4B-00C04F79EFBC}") = "PivotTable", "PivotTable\PivotTable.csproj", "{CB6956BF-FC93-4E33-8C5E-8330AF6DDBCF}"
EndProject
Project("{FAE04EC0-301F-11D3-BF4B-00C04F79EFBC}") = "PivotTableForm", "PivotTableForm\PivotTableForm.csproj", "{5FE75533-276B-46BF-BF79-601AC9B35BDC}"
EndProject
Global
	GlobalSection(SolutionConfigurationPlatforms) = preSolution
		Debug|Any CPU = Debug|Any CPU
		Release|Any CPU = Release|Any CPU
	EndGlobalSection
	GlobalSection(ProjectConfigurationPlatforms) = postSolution
		{ACF17574-CF19-4D3A-B6A7-FDFCC459BB1B}.Debug|Any CPU.ActiveCfg = Debug|Any CPU
		{ACF17574-CF19-4D3A-B6A7-FDFCC459BB1B}.Debug|Any CPU.Build.0 = Debug|Any CPU
		{ACF17574-CF19-4D3A-B6A7-FDFCC459BB1B}.Release|Any CPU.ActiveCfg = Release|Any CPU
		{ACF17574-CF19-4D3A-B6A7-FDFCC459BB1B}.Release|Any CPU.Build.0 = Release|Any CPU
		{A4DDE899-19DC-48DE-B384-DE75B9EACC85}.Debug|Any CPU.ActiveCfg = Debug|Any CPU
		{A4DDE899-19DC-48DE-B384-DE75B9EACC85}.Debug|Any CPU.Build.0 = Debug|Any CPU
		{A4DDE899-19DC-48DE-B384-DE75B9EACC85}.Release|Any CPU.ActiveCfg = Release|Any CPU
		{A4DDE899-19DC-48DE-B384-DE75B9EACC85}.Release|Any CPU.Build.0 = Release|Any CPU
		{CB6956BF-FC93-4E33-8C5E-8330AF6DDBCF}.Debug|Any CPU.ActiveCfg = Debug|Any CPU
		{CB6956BF-FC93-4E33-8C5E-8330AF6DDBCF}.Debug|Any CPU.Build.0 = Debug|Any CPU
		{CB6956BF-FC93-4E33-8C5E-8330AF6DDBCF}.Release|Any CPU.ActiveCfg = Release|Any CPU
		{CB6956BF-FC93-4E33-8C5E-8330AF6DDBCF}.Release|Any CPU.Build.0 = Release|Any CPU
		{5FE75533-276B-46BF-BF79-601AC9B35BDC}.Debug|Any CPU.ActiveCfg = Debug|Any CPU
		{5FE75533-276B-46BF-BF79-601AC9B35BDC}.Debug|Any CPU.Build.0 = Debug|Any CPU
		{5FE75533-276B-46BF-BF79-601AC9B35BDC}.Release|Any CPU.ActiveCfg = Release|Any CPU
		{5FE75533-276B-46BF-BF79-601AC9B35BDC}.Release|Any CPU.Build.0 = Release|Any CPU
	EndGlobalSection
	GlobalSection(SolutionProperties) = preSolution
		HideSolutionNode = FALSE
	EndGlobalSection
EndGlobal
