
Microsoft Visual Studio Solution File, Format Version 12.00
# Visual Studio 14
VisualStudioVersion = 14.0.25420.1
MinimumVisualStudioVersion = 10.0.40219.1
Project("{FAE04EC0-301F-11D3-BF4B-00C04F79EFBC}") = "FCT_HFT1024", "FCT_HFT1024\FCT_HFT1024.csproj", "{2D3DF923-C48C-4FA6-9F98-73EABB03B2EC}"
EndProject
Project("{FAE04EC0-301F-11D3-BF4B-00C04F79EFBC}") = "Lib.Core", "Lib.Core\Lib.Core.csproj", "{8B165051-B67B-4F39-A99B-11A85D6DBDC9}"
EndProject
Project("{FAE04EC0-301F-11D3-BF4B-00C04F79EFBC}") = "FileChangeNotifier", "D:\Dev\Waiting File Text\FileSystemWatcher\FileChangeNotifier.csproj", "{EB8FCEBE-2E39-4940-A610-D55DE55EB7EA}"
EndProject
Project("{FAE04EC0-301F-11D3-BF4B-00C04F79EFBC}") = "Lib.Data", "Lib.Data\Lib.Data.csproj", "{C569AAFC-25FD-4A35-9385-ACD92B290816}"
EndProject
Project("{FAE04EC0-301F-11D3-BF4B-00C04F79EFBC}") = "Lib.Form.Controls", "Lib.Form.Controls\Lib.Form.Controls.csproj", "{8B4DB396-66B7-4D3E-800E-8D80F2A737AA}"
EndProject
Project("{FAE04EC0-301F-11D3-BF4B-00C04F79EFBC}") = "ControlBasedSecurity", "D:\Dev\SourcesCode\Control Based Security Source\ControlBasedSecurity\ControlBasedSecurity\ControlBasedSecurity.csproj", "{06700CA3-05BA-4889-A1F3-4CA1F8BB96A3}"
EndProject
Project("{FAE04EC0-301F-11D3-BF4B-00C04F79EFBC}") = "OD.Forms.Security", "D:\Dev\SourcesCode\SecureBaseForm_Src\OD.Forms.Security.csproj", "{5C9ADA8B-7F93-4968-B6C3-B6B9627C2B0F}"
EndProject
Project("{FAE04EC0-301F-11D3-BF4B-00C04F79EFBC}") = "TestSecureForms", "D:\Dev\SourcesCode\SecureBaseForm_Test\TestSecureForms.csproj", "{EEA97671-E0C4-4D5E-BFE4-5C4854C0F6A6}"
EndProject
Project("{FAE04EC0-301F-11D3-BF4B-00C04F79EFBC}") = "WindowsFormsApplication1", "WindowsFormsApplication1\WindowsFormsApplication1.csproj", "{A7E4F7AC-2E06-427C-A368-7C16D9703F9C}"
EndProject
Project("{FAE04EC0-301F-11D3-BF4B-00C04F79EFBC}") = "Lib.Forms.Security", "Lib.Forms.Security\Lib.Forms.Security.csproj", "{249AD2E7-3124-4AFC-8888-1DD533067AFF}"
EndProject
Project("{FAE04EC0-301F-11D3-BF4B-00C04F79EFBC}") = "RoleExamples", "D:\Dev\SourcesCode\AspNetDbSecurityExample\WindowsApplication1\RoleExamples.csproj", "{A3C7ECE3-F758-4AC9-BCE6-2A1BFAC307E8}"
EndProject
Global
	GlobalSection(SolutionConfigurationPlatforms) = preSolution
		Debug|Any CPU = Debug|Any CPU
		Release|Any CPU = Release|Any CPU
	EndGlobalSection
	GlobalSection(ProjectConfigurationPlatforms) = postSolution
		{2D3DF923-C48C-4FA6-9F98-73EABB03B2EC}.Debug|Any CPU.ActiveCfg = Debug|Any CPU
		{2D3DF923-C48C-4FA6-9F98-73EABB03B2EC}.Debug|Any CPU.Build.0 = Debug|Any CPU
		{2D3DF923-C48C-4FA6-9F98-73EABB03B2EC}.Release|Any CPU.ActiveCfg = Release|Any CPU
		{2D3DF923-C48C-4FA6-9F98-73EABB03B2EC}.Release|Any CPU.Build.0 = Release|Any CPU
		{8B165051-B67B-4F39-A99B-11A85D6DBDC9}.Debug|Any CPU.ActiveCfg = Debug|Any CPU
		{8B165051-B67B-4F39-A99B-11A85D6DBDC9}.Debug|Any CPU.Build.0 = Debug|Any CPU
		{8B165051-B67B-4F39-A99B-11A85D6DBDC9}.Release|Any CPU.ActiveCfg = Release|Any CPU
		{8B165051-B67B-4F39-A99B-11A85D6DBDC9}.Release|Any CPU.Build.0 = Release|Any CPU
		{EB8FCEBE-2E39-4940-A610-D55DE55EB7EA}.Debug|Any CPU.ActiveCfg = Debug|Any CPU
		{EB8FCEBE-2E39-4940-A610-D55DE55EB7EA}.Debug|Any CPU.Build.0 = Debug|Any CPU
		{EB8FCEBE-2E39-4940-A610-D55DE55EB7EA}.Release|Any CPU.ActiveCfg = Release|Any CPU
		{EB8FCEBE-2E39-4940-A610-D55DE55EB7EA}.Release|Any CPU.Build.0 = Release|Any CPU
		{C569AAFC-25FD-4A35-9385-ACD92B290816}.Debug|Any CPU.ActiveCfg = Debug|Any CPU
		{C569AAFC-25FD-4A35-9385-ACD92B290816}.Debug|Any CPU.Build.0 = Debug|Any CPU
		{C569AAFC-25FD-4A35-9385-ACD92B290816}.Release|Any CPU.ActiveCfg = Release|Any CPU
		{C569AAFC-25FD-4A35-9385-ACD92B290816}.Release|Any CPU.Build.0 = Release|Any CPU
		{8B4DB396-66B7-4D3E-800E-8D80F2A737AA}.Debug|Any CPU.ActiveCfg = Debug|Any CPU
		{8B4DB396-66B7-4D3E-800E-8D80F2A737AA}.Debug|Any CPU.Build.0 = Debug|Any CPU
		{8B4DB396-66B7-4D3E-800E-8D80F2A737AA}.Release|Any CPU.ActiveCfg = Release|Any CPU
		{8B4DB396-66B7-4D3E-800E-8D80F2A737AA}.Release|Any CPU.Build.0 = Release|Any CPU
		{06700CA3-05BA-4889-A1F3-4CA1F8BB96A3}.Debug|Any CPU.ActiveCfg = Debug|Any CPU
		{06700CA3-05BA-4889-A1F3-4CA1F8BB96A3}.Debug|Any CPU.Build.0 = Debug|Any CPU
		{06700CA3-05BA-4889-A1F3-4CA1F8BB96A3}.Release|Any CPU.ActiveCfg = Release|Any CPU
		{06700CA3-05BA-4889-A1F3-4CA1F8BB96A3}.Release|Any CPU.Build.0 = Release|Any CPU
		{5C9ADA8B-7F93-4968-B6C3-B6B9627C2B0F}.Debug|Any CPU.ActiveCfg = Debug|Any CPU
		{5C9ADA8B-7F93-4968-B6C3-B6B9627C2B0F}.Debug|Any CPU.Build.0 = Debug|Any CPU
		{5C9ADA8B-7F93-4968-B6C3-B6B9627C2B0F}.Release|Any CPU.ActiveCfg = Release|Any CPU
		{5C9ADA8B-7F93-4968-B6C3-B6B9627C2B0F}.Release|Any CPU.Build.0 = Release|Any CPU
		{EEA97671-E0C4-4D5E-BFE4-5C4854C0F6A6}.Debug|Any CPU.ActiveCfg = Debug|Any CPU
		{EEA97671-E0C4-4D5E-BFE4-5C4854C0F6A6}.Debug|Any CPU.Build.0 = Debug|Any CPU
		{EEA97671-E0C4-4D5E-BFE4-5C4854C0F6A6}.Release|Any CPU.ActiveCfg = Release|Any CPU
		{EEA97671-E0C4-4D5E-BFE4-5C4854C0F6A6}.Release|Any CPU.Build.0 = Release|Any CPU
		{A7E4F7AC-2E06-427C-A368-7C16D9703F9C}.Debug|Any CPU.ActiveCfg = Debug|Any CPU
		{A7E4F7AC-2E06-427C-A368-7C16D9703F9C}.Debug|Any CPU.Build.0 = Debug|Any CPU
		{A7E4F7AC-2E06-427C-A368-7C16D9703F9C}.Release|Any CPU.ActiveCfg = Release|Any CPU
		{A7E4F7AC-2E06-427C-A368-7C16D9703F9C}.Release|Any CPU.Build.0 = Release|Any CPU
		{249AD2E7-3124-4AFC-8888-1DD533067AFF}.Debug|Any CPU.ActiveCfg = Debug|Any CPU
		{249AD2E7-3124-4AFC-8888-1DD533067AFF}.Debug|Any CPU.Build.0 = Debug|Any CPU
		{249AD2E7-3124-4AFC-8888-1DD533067AFF}.Release|Any CPU.ActiveCfg = Release|Any CPU
		{249AD2E7-3124-4AFC-8888-1DD533067AFF}.Release|Any CPU.Build.0 = Release|Any CPU
		{A3C7ECE3-F758-4AC9-BCE6-2A1BFAC307E8}.Debug|Any CPU.ActiveCfg = Debug|Any CPU
		{A3C7ECE3-F758-4AC9-BCE6-2A1BFAC307E8}.Debug|Any CPU.Build.0 = Debug|Any CPU
		{A3C7ECE3-F758-4AC9-BCE6-2A1BFAC307E8}.Release|Any CPU.ActiveCfg = Release|Any CPU
		{A3C7ECE3-F758-4AC9-BCE6-2A1BFAC307E8}.Release|Any CPU.Build.0 = Release|Any CPU
	EndGlobalSection
	GlobalSection(SolutionProperties) = preSolution
		HideSolutionNode = FALSE
	EndGlobalSection
EndGlobal
