
Microsoft Visual Studio Solution File, Format Version 12.00
# Visual Studio 15
VisualStudioVersion = 15.0.26430.6
MinimumVisualStudioVersion = 10.0.40219.1
Project("{FAE04EC0-301F-11D3-BF4B-00C04F79EFBC}") = "Lib.Core", "Lib.Core\Lib.Core.csproj", "{8B165051-B67B-4F39-A99B-11A85D6DBDC9}"
EndProject
Project("{FAE04EC0-301F-11D3-BF4B-00C04F79EFBC}") = "Lib.Data", "Lib.Data\Lib.Data.csproj", "{C569AAFC-25FD-4A35-9385-ACD92B290816}"
EndProject
Project("{FAE04EC0-301F-11D3-BF4B-00C04F79EFBC}") = "Lib.Form.Controls", "Lib.Form.Controls\Lib.Form.Controls.csproj", "{8B4DB396-66B7-4D3E-800E-8D80F2A737AA}"
EndProject
Project("{FAE04EC0-301F-11D3-BF4B-00C04F79EFBC}") = "FCT_HFT1024_DB", "FCT_HFT1024_DB\FCT_HFT1024_DB.csproj", "{0E2495AF-2840-418E-B01A-6E51F60DDA1E}"
EndProject
Project("{FAE04EC0-301F-11D3-BF4B-00C04F79EFBC}") = "Lib.Services", "Lib.Services\Lib.Services.csproj", "{877A054C-D923-4E5A-BA9D-CEA31FCD21C9}"
EndProject
Project("{FAE04EC0-301F-11D3-BF4B-00C04F79EFBC}") = "AGPF_DADF_IBG", "AGPF_DADF_IBG\AGPF_DADF_IBG.csproj", "{DCF064C9-DB88-4225-A803-A88AD9728AF2}"
EndProject
Project("{FAE04EC0-301F-11D3-BF4B-00C04F79EFBC}") = "Mango_CTMS", "Mango_CTMS\Mango_CTMS.csproj", "{33DFA6B3-465D-482F-9FFD-4ABE140897BD}"
EndProject
Project("{FAE04EC0-301F-11D3-BF4B-00C04F79EFBC}") = "Mango_MCU", "Mango_MCU\Mango_MCU.csproj", "{D9861965-CED8-4E9E-ACE9-9C061BF71E3B}"
EndProject
Project("{FAE04EC0-301F-11D3-BF4B-00C04F79EFBC}") = "Shanks_IB02", "Shanks_IB02\Shanks_IB02.csproj", "{9FC12159-54A9-4220-BA39-8BDC8D550B33}"
EndProject
Project("{FAE04EC0-301F-11D3-BF4B-00C04F79EFBC}") = "SupportWIP_MangoMCU", "SupportWIP_MangoMCU\SupportWIP_MangoMCU.csproj", "{0BC29530-1359-4F3B-9BB5-BB5B8E15DE41}"
EndProject
Project("{FAE04EC0-301F-11D3-BF4B-00C04F79EFBC}") = "HondaLookSupports", "HondaLookSupports\HondaLookSupports.csproj", "{12AF6BB5-39B0-4756-93D6-6AF9044A6800}"
EndProject
Project("{FAE04EC0-301F-11D3-BF4B-00C04F79EFBC}") = "HondaLook_ICT", "HondaLook_ICT\HondaLook_ICT.csproj", "{03A0B7E7-E0FB-4A9F-BCB0-1833D006EF1F}"
EndProject
Project("{FAE04EC0-301F-11D3-BF4B-00C04F79EFBC}") = "Nichicon_ICT_Client_Supports_MES", "Nichicon_ICT_Client_Supports_MES\Nichicon_ICT_Client_Supports_MES.csproj", "{5367CF8E-210B-4268-A5CE-DB07E84DC009}"
EndProject
Project("{FAE04EC0-301F-11D3-BF4B-00C04F79EFBC}") = "Nichicon_ICT_Server_Supports_MES", "Nichicon_ICT_Server_Supports_MES\Nichicon_ICT_Server_Supports_MES.csproj", "{DD6A5358-C1A0-43B9-8F17-DD2D67C41CF7}"
EndProject
Project("{FAE04EC0-301F-11D3-BF4B-00C04F79EFBC}") = "FCT_Canon_Supports_MES", "FCT_Canon_Supports_MES\FCT_Canon_Supports_MES.csproj", "{38AC5999-5D89-44C2-B036-2BC83ECF58CA}"
EndProject
Project("{FAE04EC0-301F-11D3-BF4B-00C04F79EFBC}") = "CPUNichiconSupportWIP", "..\Barcode Shipping\CPUNichiconSupportWIP\CPUNichiconSupportWIP.csproj", "{C22E5246-AD0B-4070-8495-F0BD7D65F0AF}"
EndProject
Project("{2150E333-8FDC-42A3-9474-1A3956D46DE8}") = "FujiXerox", "FujiXerox", "{BC2A6AD5-E49A-4376-907D-9428F7D110CC}"
EndProject
Project("{2150E333-8FDC-42A3-9474-1A3956D46DE8}") = "Canon", "Canon", "{4525A16A-BFF5-41BE-86C5-F1ECFADC47A0}"
EndProject
Project("{2150E333-8FDC-42A3-9474-1A3956D46DE8}") = "Nichicon", "Nichicon", "{09E5C6A6-1796-4813-A957-03C22C805982}"
EndProject
Project("{2150E333-8FDC-42A3-9474-1A3956D46DE8}") = "HondaLock", "HondaLock", "{FE8F3C71-9832-4167-BA2D-471D13E9BB59}"
EndProject
Project("{2150E333-8FDC-42A3-9474-1A3956D46DE8}") = "Lib", "Lib", "{D55B06F4-CC09-482C-A9E3-97A31B256A98}"
EndProject
Project("{2150E333-8FDC-42A3-9474-1A3956D46DE8}") = "Murata", "Murata", "{B4F7679A-EA47-45A4-A015-55DA62E0024C}"
EndProject
Project("{FAE04EC0-301F-11D3-BF4B-00C04F79EFBC}") = "MurataSystem", "MurataSystem\MurataSystem.csproj", "{3484F790-8032-4440-B265-9A477F71C0AB}"
EndProject
Global
	GlobalSection(SolutionConfigurationPlatforms) = preSolution
		Debug|Any CPU = Debug|Any CPU
		Release|Any CPU = Release|Any CPU
	EndGlobalSection
	GlobalSection(ProjectConfigurationPlatforms) = postSolution
		{8B165051-B67B-4F39-A99B-11A85D6DBDC9}.Debug|Any CPU.ActiveCfg = Debug|Any CPU
		{8B165051-B67B-4F39-A99B-11A85D6DBDC9}.Debug|Any CPU.Build.0 = Debug|Any CPU
		{8B165051-B67B-4F39-A99B-11A85D6DBDC9}.Release|Any CPU.ActiveCfg = Release|Any CPU
		{8B165051-B67B-4F39-A99B-11A85D6DBDC9}.Release|Any CPU.Build.0 = Release|Any CPU
		{C569AAFC-25FD-4A35-9385-ACD92B290816}.Debug|Any CPU.ActiveCfg = Debug|Any CPU
		{C569AAFC-25FD-4A35-9385-ACD92B290816}.Debug|Any CPU.Build.0 = Debug|Any CPU
		{C569AAFC-25FD-4A35-9385-ACD92B290816}.Release|Any CPU.ActiveCfg = Release|Any CPU
		{C569AAFC-25FD-4A35-9385-ACD92B290816}.Release|Any CPU.Build.0 = Release|Any CPU
		{8B4DB396-66B7-4D3E-800E-8D80F2A737AA}.Debug|Any CPU.ActiveCfg = Debug|Any CPU
		{8B4DB396-66B7-4D3E-800E-8D80F2A737AA}.Debug|Any CPU.Build.0 = Debug|Any CPU
		{8B4DB396-66B7-4D3E-800E-8D80F2A737AA}.Release|Any CPU.ActiveCfg = Release|Any CPU
		{8B4DB396-66B7-4D3E-800E-8D80F2A737AA}.Release|Any CPU.Build.0 = Release|Any CPU
		{0E2495AF-2840-418E-B01A-6E51F60DDA1E}.Debug|Any CPU.ActiveCfg = Debug|Any CPU
		{0E2495AF-2840-418E-B01A-6E51F60DDA1E}.Debug|Any CPU.Build.0 = Debug|Any CPU
		{0E2495AF-2840-418E-B01A-6E51F60DDA1E}.Release|Any CPU.ActiveCfg = Release|Any CPU
		{0E2495AF-2840-418E-B01A-6E51F60DDA1E}.Release|Any CPU.Build.0 = Release|Any CPU
		{877A054C-D923-4E5A-BA9D-CEA31FCD21C9}.Debug|Any CPU.ActiveCfg = Debug|Any CPU
		{877A054C-D923-4E5A-BA9D-CEA31FCD21C9}.Debug|Any CPU.Build.0 = Debug|Any CPU
		{877A054C-D923-4E5A-BA9D-CEA31FCD21C9}.Release|Any CPU.ActiveCfg = Release|Any CPU
		{877A054C-D923-4E5A-BA9D-CEA31FCD21C9}.Release|Any CPU.Build.0 = Release|Any CPU
		{DCF064C9-DB88-4225-A803-A88AD9728AF2}.Debug|Any CPU.ActiveCfg = Debug|Any CPU
		{DCF064C9-DB88-4225-A803-A88AD9728AF2}.Debug|Any CPU.Build.0 = Debug|Any CPU
		{DCF064C9-DB88-4225-A803-A88AD9728AF2}.Release|Any CPU.ActiveCfg = Release|Any CPU
		{DCF064C9-DB88-4225-A803-A88AD9728AF2}.Release|Any CPU.Build.0 = Release|Any CPU
		{33DFA6B3-465D-482F-9FFD-4ABE140897BD}.Debug|Any CPU.ActiveCfg = Debug|Any CPU
		{33DFA6B3-465D-482F-9FFD-4ABE140897BD}.Debug|Any CPU.Build.0 = Debug|Any CPU
		{33DFA6B3-465D-482F-9FFD-4ABE140897BD}.Release|Any CPU.ActiveCfg = Release|Any CPU
		{33DFA6B3-465D-482F-9FFD-4ABE140897BD}.Release|Any CPU.Build.0 = Release|Any CPU
		{D9861965-CED8-4E9E-ACE9-9C061BF71E3B}.Debug|Any CPU.ActiveCfg = Debug|Any CPU
		{D9861965-CED8-4E9E-ACE9-9C061BF71E3B}.Debug|Any CPU.Build.0 = Debug|Any CPU
		{D9861965-CED8-4E9E-ACE9-9C061BF71E3B}.Release|Any CPU.ActiveCfg = Release|Any CPU
		{D9861965-CED8-4E9E-ACE9-9C061BF71E3B}.Release|Any CPU.Build.0 = Release|Any CPU
		{9FC12159-54A9-4220-BA39-8BDC8D550B33}.Debug|Any CPU.ActiveCfg = Debug|Any CPU
		{9FC12159-54A9-4220-BA39-8BDC8D550B33}.Debug|Any CPU.Build.0 = Debug|Any CPU
		{9FC12159-54A9-4220-BA39-8BDC8D550B33}.Release|Any CPU.ActiveCfg = Release|Any CPU
		{9FC12159-54A9-4220-BA39-8BDC8D550B33}.Release|Any CPU.Build.0 = Release|Any CPU
		{0BC29530-1359-4F3B-9BB5-BB5B8E15DE41}.Debug|Any CPU.ActiveCfg = Debug|Any CPU
		{0BC29530-1359-4F3B-9BB5-BB5B8E15DE41}.Debug|Any CPU.Build.0 = Debug|Any CPU
		{0BC29530-1359-4F3B-9BB5-BB5B8E15DE41}.Release|Any CPU.ActiveCfg = Release|Any CPU
		{0BC29530-1359-4F3B-9BB5-BB5B8E15DE41}.Release|Any CPU.Build.0 = Release|Any CPU
		{12AF6BB5-39B0-4756-93D6-6AF9044A6800}.Debug|Any CPU.ActiveCfg = Debug|Any CPU
		{12AF6BB5-39B0-4756-93D6-6AF9044A6800}.Debug|Any CPU.Build.0 = Debug|Any CPU
		{12AF6BB5-39B0-4756-93D6-6AF9044A6800}.Release|Any CPU.ActiveCfg = Release|Any CPU
		{12AF6BB5-39B0-4756-93D6-6AF9044A6800}.Release|Any CPU.Build.0 = Release|Any CPU
		{03A0B7E7-E0FB-4A9F-BCB0-1833D006EF1F}.Debug|Any CPU.ActiveCfg = Debug|Any CPU
		{03A0B7E7-E0FB-4A9F-BCB0-1833D006EF1F}.Debug|Any CPU.Build.0 = Debug|Any CPU
		{03A0B7E7-E0FB-4A9F-BCB0-1833D006EF1F}.Release|Any CPU.ActiveCfg = Release|Any CPU
		{03A0B7E7-E0FB-4A9F-BCB0-1833D006EF1F}.Release|Any CPU.Build.0 = Release|Any CPU
		{5367CF8E-210B-4268-A5CE-DB07E84DC009}.Debug|Any CPU.ActiveCfg = Debug|Any CPU
		{5367CF8E-210B-4268-A5CE-DB07E84DC009}.Debug|Any CPU.Build.0 = Debug|Any CPU
		{5367CF8E-210B-4268-A5CE-DB07E84DC009}.Release|Any CPU.ActiveCfg = Release|Any CPU
		{5367CF8E-210B-4268-A5CE-DB07E84DC009}.Release|Any CPU.Build.0 = Release|Any CPU
		{DD6A5358-C1A0-43B9-8F17-DD2D67C41CF7}.Debug|Any CPU.ActiveCfg = Debug|Any CPU
		{DD6A5358-C1A0-43B9-8F17-DD2D67C41CF7}.Debug|Any CPU.Build.0 = Debug|Any CPU
		{DD6A5358-C1A0-43B9-8F17-DD2D67C41CF7}.Release|Any CPU.ActiveCfg = Release|Any CPU
		{DD6A5358-C1A0-43B9-8F17-DD2D67C41CF7}.Release|Any CPU.Build.0 = Release|Any CPU
		{38AC5999-5D89-44C2-B036-2BC83ECF58CA}.Debug|Any CPU.ActiveCfg = Debug|Any CPU
		{38AC5999-5D89-44C2-B036-2BC83ECF58CA}.Debug|Any CPU.Build.0 = Debug|Any CPU
		{38AC5999-5D89-44C2-B036-2BC83ECF58CA}.Release|Any CPU.ActiveCfg = Release|Any CPU
		{38AC5999-5D89-44C2-B036-2BC83ECF58CA}.Release|Any CPU.Build.0 = Release|Any CPU
		{C22E5246-AD0B-4070-8495-F0BD7D65F0AF}.Debug|Any CPU.ActiveCfg = Debug|Any CPU
		{C22E5246-AD0B-4070-8495-F0BD7D65F0AF}.Debug|Any CPU.Build.0 = Debug|Any CPU
		{C22E5246-AD0B-4070-8495-F0BD7D65F0AF}.Release|Any CPU.ActiveCfg = Release|Any CPU
		{C22E5246-AD0B-4070-8495-F0BD7D65F0AF}.Release|Any CPU.Build.0 = Release|Any CPU
		{3484F790-8032-4440-B265-9A477F71C0AB}.Debug|Any CPU.ActiveCfg = Debug|Any CPU
		{3484F790-8032-4440-B265-9A477F71C0AB}.Debug|Any CPU.Build.0 = Debug|Any CPU
		{3484F790-8032-4440-B265-9A477F71C0AB}.Release|Any CPU.ActiveCfg = Release|Any CPU
		{3484F790-8032-4440-B265-9A477F71C0AB}.Release|Any CPU.Build.0 = Release|Any CPU
	EndGlobalSection
	GlobalSection(SolutionProperties) = preSolution
		HideSolutionNode = FALSE
	EndGlobalSection
	GlobalSection(NestedProjects) = preSolution
		{8B165051-B67B-4F39-A99B-11A85D6DBDC9} = {D55B06F4-CC09-482C-A9E3-97A31B256A98}
		{C569AAFC-25FD-4A35-9385-ACD92B290816} = {D55B06F4-CC09-482C-A9E3-97A31B256A98}
		{8B4DB396-66B7-4D3E-800E-8D80F2A737AA} = {D55B06F4-CC09-482C-A9E3-97A31B256A98}
		{0E2495AF-2840-418E-B01A-6E51F60DDA1E} = {BC2A6AD5-E49A-4376-907D-9428F7D110CC}
		{877A054C-D923-4E5A-BA9D-CEA31FCD21C9} = {D55B06F4-CC09-482C-A9E3-97A31B256A98}
		{DCF064C9-DB88-4225-A803-A88AD9728AF2} = {BC2A6AD5-E49A-4376-907D-9428F7D110CC}
		{33DFA6B3-465D-482F-9FFD-4ABE140897BD} = {BC2A6AD5-E49A-4376-907D-9428F7D110CC}
		{D9861965-CED8-4E9E-ACE9-9C061BF71E3B} = {BC2A6AD5-E49A-4376-907D-9428F7D110CC}
		{9FC12159-54A9-4220-BA39-8BDC8D550B33} = {BC2A6AD5-E49A-4376-907D-9428F7D110CC}
		{0BC29530-1359-4F3B-9BB5-BB5B8E15DE41} = {BC2A6AD5-E49A-4376-907D-9428F7D110CC}
		{12AF6BB5-39B0-4756-93D6-6AF9044A6800} = {FE8F3C71-9832-4167-BA2D-471D13E9BB59}
		{03A0B7E7-E0FB-4A9F-BCB0-1833D006EF1F} = {FE8F3C71-9832-4167-BA2D-471D13E9BB59}
		{5367CF8E-210B-4268-A5CE-DB07E84DC009} = {09E5C6A6-1796-4813-A957-03C22C805982}
		{DD6A5358-C1A0-43B9-8F17-DD2D67C41CF7} = {09E5C6A6-1796-4813-A957-03C22C805982}
		{38AC5999-5D89-44C2-B036-2BC83ECF58CA} = {4525A16A-BFF5-41BE-86C5-F1ECFADC47A0}
		{C22E5246-AD0B-4070-8495-F0BD7D65F0AF} = {09E5C6A6-1796-4813-A957-03C22C805982}
		{3484F790-8032-4440-B265-9A477F71C0AB} = {B4F7679A-EA47-45A4-A015-55DA62E0024C}
	EndGlobalSection
EndGlobal
