
Microsoft Visual Studio Solution File, Format Version 12.00
# Visual Studio 2013
VisualStudioVersion = 12.0.31101.0
MinimumVisualStudioVersion = 10.0.40219.1
Project("{FAE04EC0-301F-11D3-BF4B-00C04F79EFBC}") = "Stock.GUI", "Stock.GUI\Stock.GUI.csproj", "{97CF2338-E44B-4727-AE24-DEDD92974C1D}"
EndProject
Project("{FAE04EC0-301F-11D3-BF4B-00C04F79EFBC}") = "Stock.Data", "Stock.Data\Stock.Data.csproj", "{AF468BC4-99AE-4212-A785-20A754E95CB2}"
EndProject
Project("{FAE04EC0-301F-11D3-BF4B-00C04F79EFBC}") = "Stock.Services", "Stock.Services\Stock.Services.csproj", "{1A89E3C2-EF2A-44BF-9F93-6218B2A21F5D}"
EndProject
Project("{FAE04EC0-301F-11D3-BF4B-00C04F79EFBC}") = "XtraReportDemo", "XtraReportDemo\XtraReportDemo.csproj", "{2EC2CB9B-0EF7-498C-841C-CFFBA94F85BE}"
EndProject
Project("{54435603-DBB4-11D2-8724-00A0C9A8B90C}") = "Stock.Setup", "Stock.Setup\Stock.Setup.vdproj", "{D9D109D5-48B3-4D5C-A3C9-1A6D46825CDE}"
EndProject
Project("{FAE04EC0-301F-11D3-BF4B-00C04F79EFBC}") = "Stock.Web", "Stock.Web\Stock.Web.csproj", "{D2240412-3EB6-46B1-8A34-FEB1C42A1FDF}"
EndProject
Global
	GlobalSection(SolutionConfigurationPlatforms) = preSolution
		Debug|Any CPU = Debug|Any CPU
		Release|Any CPU = Release|Any CPU
	EndGlobalSection
	GlobalSection(ProjectConfigurationPlatforms) = postSolution
		{97CF2338-E44B-4727-AE24-DEDD92974C1D}.Debug|Any CPU.ActiveCfg = Debug|Any CPU
		{97CF2338-E44B-4727-AE24-DEDD92974C1D}.Debug|Any CPU.Build.0 = Debug|Any CPU
		{97CF2338-E44B-4727-AE24-DEDD92974C1D}.Release|Any CPU.ActiveCfg = Release|Any CPU
		{97CF2338-E44B-4727-AE24-DEDD92974C1D}.Release|Any CPU.Build.0 = Release|Any CPU
		{AF468BC4-99AE-4212-A785-20A754E95CB2}.Debug|Any CPU.ActiveCfg = Debug|Any CPU
		{AF468BC4-99AE-4212-A785-20A754E95CB2}.Debug|Any CPU.Build.0 = Debug|Any CPU
		{AF468BC4-99AE-4212-A785-20A754E95CB2}.Release|Any CPU.ActiveCfg = Release|Any CPU
		{AF468BC4-99AE-4212-A785-20A754E95CB2}.Release|Any CPU.Build.0 = Release|Any CPU
		{1A89E3C2-EF2A-44BF-9F93-6218B2A21F5D}.Debug|Any CPU.ActiveCfg = Debug|Any CPU
		{1A89E3C2-EF2A-44BF-9F93-6218B2A21F5D}.Debug|Any CPU.Build.0 = Debug|Any CPU
		{1A89E3C2-EF2A-44BF-9F93-6218B2A21F5D}.Release|Any CPU.ActiveCfg = Release|Any CPU
		{1A89E3C2-EF2A-44BF-9F93-6218B2A21F5D}.Release|Any CPU.Build.0 = Release|Any CPU
		{2EC2CB9B-0EF7-498C-841C-CFFBA94F85BE}.Debug|Any CPU.ActiveCfg = Debug|Any CPU
		{2EC2CB9B-0EF7-498C-841C-CFFBA94F85BE}.Debug|Any CPU.Build.0 = Debug|Any CPU
		{2EC2CB9B-0EF7-498C-841C-CFFBA94F85BE}.Release|Any CPU.ActiveCfg = Release|Any CPU
		{2EC2CB9B-0EF7-498C-841C-CFFBA94F85BE}.Release|Any CPU.Build.0 = Release|Any CPU
		{D9D109D5-48B3-4D5C-A3C9-1A6D46825CDE}.Debug|Any CPU.ActiveCfg = Debug
		{D9D109D5-48B3-4D5C-A3C9-1A6D46825CDE}.Release|Any CPU.ActiveCfg = Release
		{D2240412-3EB6-46B1-8A34-FEB1C42A1FDF}.Debug|Any CPU.ActiveCfg = Debug|Any CPU
		{D2240412-3EB6-46B1-8A34-FEB1C42A1FDF}.Debug|Any CPU.Build.0 = Debug|Any CPU
		{D2240412-3EB6-46B1-8A34-FEB1C42A1FDF}.Release|Any CPU.ActiveCfg = Release|Any CPU
		{D2240412-3EB6-46B1-8A34-FEB1C42A1FDF}.Release|Any CPU.Build.0 = Release|Any CPU
	EndGlobalSection
	GlobalSection(SolutionProperties) = preSolution
		HideSolutionNode = FALSE
	EndGlobalSection
EndGlobal
