
Microsoft Visual Studio Solution File, Format Version 11.00
# Visual Studio 2010
Project("{FAE04EC0-301F-11D3-BF4B-00C04F79EFBC}") = "IndicateReport", "IndicateReport\IndicateReport.csproj", "{F985F8C8-F1AD-41F2-A9C6-BDF7D091CB47}"
EndProject
Project("{FAE04EC0-301F-11D3-BF4B-00C04F79EFBC}") = "FileChangeNotifier", "..\..\Example\FileSystemWatcher\FileChangeNotifier.csproj", "{EB8FCEBE-2E39-4940-A610-D55DE55EB7EA}"
EndProject
Project("{54435603-DBB4-11D2-8724-00A0C9A8B90C}") = "Setup1", "Setup1\Setup1.vdproj", "{A3F85910-EDB8-41FA-8106-FF4062A0906B}"
EndProject
Project("{FAE04EC0-301F-11D3-BF4B-00C04F79EFBC}") = "ConsoleApplication1", "ConsoleApplication1\ConsoleApplication1.csproj", "{E96737E0-AA95-418B-83C7-7CFBE0BBF576}"
EndProject
Project("{FAE04EC0-301F-11D3-BF4B-00C04F79EFBC}") = "ConsoleApplication2", "ConsoleApplication2\ConsoleApplication2.csproj", "{4BAA01F4-83FC-4CC5-B5C5-314F7C8D1ECE}"
EndProject
Global
	GlobalSection(SolutionConfigurationPlatforms) = preSolution
		Debug|Any CPU = Debug|Any CPU
		Debug|Mixed Platforms = Debug|Mixed Platforms
		Debug|x86 = Debug|x86
		Release|Any CPU = Release|Any CPU
		Release|Mixed Platforms = Release|Mixed Platforms
		Release|x86 = Release|x86
	EndGlobalSection
	GlobalSection(ProjectConfigurationPlatforms) = postSolution
		{F985F8C8-F1AD-41F2-A9C6-BDF7D091CB47}.Debug|Any CPU.ActiveCfg = Debug|x86
		{F985F8C8-F1AD-41F2-A9C6-BDF7D091CB47}.Debug|Mixed Platforms.ActiveCfg = Debug|x86
		{F985F8C8-F1AD-41F2-A9C6-BDF7D091CB47}.Debug|Mixed Platforms.Build.0 = Debug|x86
		{F985F8C8-F1AD-41F2-A9C6-BDF7D091CB47}.Debug|x86.ActiveCfg = Debug|x86
		{F985F8C8-F1AD-41F2-A9C6-BDF7D091CB47}.Debug|x86.Build.0 = Debug|x86
		{F985F8C8-F1AD-41F2-A9C6-BDF7D091CB47}.Release|Any CPU.ActiveCfg = Release|x86
		{F985F8C8-F1AD-41F2-A9C6-BDF7D091CB47}.Release|Mixed Platforms.ActiveCfg = Release|x86
		{F985F8C8-F1AD-41F2-A9C6-BDF7D091CB47}.Release|Mixed Platforms.Build.0 = Release|x86
		{F985F8C8-F1AD-41F2-A9C6-BDF7D091CB47}.Release|x86.ActiveCfg = Release|x86
		{F985F8C8-F1AD-41F2-A9C6-BDF7D091CB47}.Release|x86.Build.0 = Release|x86
		{EB8FCEBE-2E39-4940-A610-D55DE55EB7EA}.Debug|Any CPU.ActiveCfg = Debug|Any CPU
		{EB8FCEBE-2E39-4940-A610-D55DE55EB7EA}.Debug|Any CPU.Build.0 = Debug|Any CPU
		{EB8FCEBE-2E39-4940-A610-D55DE55EB7EA}.Debug|Mixed Platforms.ActiveCfg = Debug|Any CPU
		{EB8FCEBE-2E39-4940-A610-D55DE55EB7EA}.Debug|Mixed Platforms.Build.0 = Debug|Any CPU
		{EB8FCEBE-2E39-4940-A610-D55DE55EB7EA}.Debug|x86.ActiveCfg = Debug|Any CPU
		{EB8FCEBE-2E39-4940-A610-D55DE55EB7EA}.Release|Any CPU.ActiveCfg = Release|Any CPU
		{EB8FCEBE-2E39-4940-A610-D55DE55EB7EA}.Release|Any CPU.Build.0 = Release|Any CPU
		{EB8FCEBE-2E39-4940-A610-D55DE55EB7EA}.Release|Mixed Platforms.ActiveCfg = Release|Any CPU
		{EB8FCEBE-2E39-4940-A610-D55DE55EB7EA}.Release|Mixed Platforms.Build.0 = Release|Any CPU
		{EB8FCEBE-2E39-4940-A610-D55DE55EB7EA}.Release|x86.ActiveCfg = Release|Any CPU
		{A3F85910-EDB8-41FA-8106-FF4062A0906B}.Debug|Any CPU.ActiveCfg = Debug
		{A3F85910-EDB8-41FA-8106-FF4062A0906B}.Debug|Mixed Platforms.ActiveCfg = Debug
		{A3F85910-EDB8-41FA-8106-FF4062A0906B}.Debug|x86.ActiveCfg = Debug
		{A3F85910-EDB8-41FA-8106-FF4062A0906B}.Release|Any CPU.ActiveCfg = Release
		{A3F85910-EDB8-41FA-8106-FF4062A0906B}.Release|Mixed Platforms.ActiveCfg = Release
		{A3F85910-EDB8-41FA-8106-FF4062A0906B}.Release|x86.ActiveCfg = Release
		{E96737E0-AA95-418B-83C7-7CFBE0BBF576}.Debug|Any CPU.ActiveCfg = Debug|x86
		{E96737E0-AA95-418B-83C7-7CFBE0BBF576}.Debug|Mixed Platforms.ActiveCfg = Debug|x86
		{E96737E0-AA95-418B-83C7-7CFBE0BBF576}.Debug|Mixed Platforms.Build.0 = Debug|x86
		{E96737E0-AA95-418B-83C7-7CFBE0BBF576}.Debug|x86.ActiveCfg = Debug|x86
		{E96737E0-AA95-418B-83C7-7CFBE0BBF576}.Debug|x86.Build.0 = Debug|x86
		{E96737E0-AA95-418B-83C7-7CFBE0BBF576}.Release|Any CPU.ActiveCfg = Release|x86
		{E96737E0-AA95-418B-83C7-7CFBE0BBF576}.Release|Mixed Platforms.ActiveCfg = Release|x86
		{E96737E0-AA95-418B-83C7-7CFBE0BBF576}.Release|Mixed Platforms.Build.0 = Release|x86
		{E96737E0-AA95-418B-83C7-7CFBE0BBF576}.Release|x86.ActiveCfg = Release|x86
		{E96737E0-AA95-418B-83C7-7CFBE0BBF576}.Release|x86.Build.0 = Release|x86
		{4BAA01F4-83FC-4CC5-B5C5-314F7C8D1ECE}.Debug|Any CPU.ActiveCfg = Debug|x86
		{4BAA01F4-83FC-4CC5-B5C5-314F7C8D1ECE}.Debug|Mixed Platforms.ActiveCfg = Debug|x86
		{4BAA01F4-83FC-4CC5-B5C5-314F7C8D1ECE}.Debug|Mixed Platforms.Build.0 = Debug|x86
		{4BAA01F4-83FC-4CC5-B5C5-314F7C8D1ECE}.Debug|x86.ActiveCfg = Debug|x86
		{4BAA01F4-83FC-4CC5-B5C5-314F7C8D1ECE}.Debug|x86.Build.0 = Debug|x86
		{4BAA01F4-83FC-4CC5-B5C5-314F7C8D1ECE}.Release|Any CPU.ActiveCfg = Release|x86
		{4BAA01F4-83FC-4CC5-B5C5-314F7C8D1ECE}.Release|Mixed Platforms.ActiveCfg = Release|x86
		{4BAA01F4-83FC-4CC5-B5C5-314F7C8D1ECE}.Release|Mixed Platforms.Build.0 = Release|x86
		{4BAA01F4-83FC-4CC5-B5C5-314F7C8D1ECE}.Release|x86.ActiveCfg = Release|x86
		{4BAA01F4-83FC-4CC5-B5C5-314F7C8D1ECE}.Release|x86.Build.0 = Release|x86
	EndGlobalSection
	GlobalSection(SolutionProperties) = preSolution
		HideSolutionNode = FALSE
	EndGlobalSection
EndGlobal
