
Microsoft Visual Studio Solution File, Format Version 12.00
# Visual Studio 14
VisualStudioVersion = 14.0.25420.1
MinimumVisualStudioVersion = 10.0.40219.1
Project("{FAE04EC0-301F-11D3-BF4B-00C04F79EFBC}") = "ReportsMaster.Web", "ReportsMaster.Web\ReportsMaster.Web.csproj", "{9D52C509-A43A-47D4-8F5C-2C1098C703EE}"
EndProject
Project("{FAE04EC0-301F-11D3-BF4B-00C04F79EFBC}") = "Lib.Data", "Lib.Data\Lib.Data.csproj", "{EBC88785-7394-4D39-847C-5E7882CF31DB}"
EndProject
Project("{FAE04EC0-301F-11D3-BF4B-00C04F79EFBC}") = "TestTableDependency", "TestTableDependency\TestTableDependency.csproj", "{9E7EE8A0-1768-4D4A-9305-92EC1048D861}"
EndProject
Project("{FAE04EC0-301F-11D3-BF4B-00C04F79EFBC}") = "ReportsMaster", "ReportsMaster\ReportsMaster.csproj", "{E0FEC82D-7DC3-4EA5-8F35-DAC948F7C06F}"
EndProject
Project("{FAE04EC0-301F-11D3-BF4B-00C04F79EFBC}") = "Lib.Core", "..\FCT Log Support\Lib.Core\Lib.Core.csproj", "{8B165051-B67B-4F39-A99B-11A85D6DBDC9}"
EndProject
Global
	GlobalSection(SolutionConfigurationPlatforms) = preSolution
		Debug|Any CPU = Debug|Any CPU
		Release|Any CPU = Release|Any CPU
	EndGlobalSection
	GlobalSection(ProjectConfigurationPlatforms) = postSolution
		{9D52C509-A43A-47D4-8F5C-2C1098C703EE}.Debug|Any CPU.ActiveCfg = Debug|Any CPU
		{9D52C509-A43A-47D4-8F5C-2C1098C703EE}.Debug|Any CPU.Build.0 = Debug|Any CPU
		{9D52C509-A43A-47D4-8F5C-2C1098C703EE}.Release|Any CPU.ActiveCfg = Release|Any CPU
		{9D52C509-A43A-47D4-8F5C-2C1098C703EE}.Release|Any CPU.Build.0 = Release|Any CPU
		{EBC88785-7394-4D39-847C-5E7882CF31DB}.Debug|Any CPU.ActiveCfg = Debug|Any CPU
		{EBC88785-7394-4D39-847C-5E7882CF31DB}.Debug|Any CPU.Build.0 = Debug|Any CPU
		{EBC88785-7394-4D39-847C-5E7882CF31DB}.Release|Any CPU.ActiveCfg = Release|Any CPU
		{EBC88785-7394-4D39-847C-5E7882CF31DB}.Release|Any CPU.Build.0 = Release|Any CPU
		{9E7EE8A0-1768-4D4A-9305-92EC1048D861}.Debug|Any CPU.ActiveCfg = Debug|Any CPU
		{9E7EE8A0-1768-4D4A-9305-92EC1048D861}.Debug|Any CPU.Build.0 = Debug|Any CPU
		{9E7EE8A0-1768-4D4A-9305-92EC1048D861}.Release|Any CPU.ActiveCfg = Release|Any CPU
		{9E7EE8A0-1768-4D4A-9305-92EC1048D861}.Release|Any CPU.Build.0 = Release|Any CPU
		{E0FEC82D-7DC3-4EA5-8F35-DAC948F7C06F}.Debug|Any CPU.ActiveCfg = Debug|Any CPU
		{E0FEC82D-7DC3-4EA5-8F35-DAC948F7C06F}.Debug|Any CPU.Build.0 = Debug|Any CPU
		{E0FEC82D-7DC3-4EA5-8F35-DAC948F7C06F}.Release|Any CPU.ActiveCfg = Release|Any CPU
		{E0FEC82D-7DC3-4EA5-8F35-DAC948F7C06F}.Release|Any CPU.Build.0 = Release|Any CPU
		{8B165051-B67B-4F39-A99B-11A85D6DBDC9}.Debug|Any CPU.ActiveCfg = Debug|Any CPU
		{8B165051-B67B-4F39-A99B-11A85D6DBDC9}.Debug|Any CPU.Build.0 = Debug|Any CPU
		{8B165051-B67B-4F39-A99B-11A85D6DBDC9}.Release|Any CPU.ActiveCfg = Release|Any CPU
		{8B165051-B67B-4F39-A99B-11A85D6DBDC9}.Release|Any CPU.Build.0 = Release|Any CPU
	EndGlobalSection
	GlobalSection(SolutionProperties) = preSolution
		HideSolutionNode = FALSE
	EndGlobalSection
EndGlobal
